<?xml version="1.0" encoding="utf-8"?>
<Project ToolsVersion="4.0" xmlns="http://schemas.microsoft.com/developer/msbuild/2003">
  <ItemGroup>
    <Filter Include="Source Files">
      <UniqueIdentifier>{4FC737F1-C7A5-4376-A066-2A32D752A2FF}</UniqueIdentifier>
      <Extensions>cpp;c;cc;cxx;def;odl;idl;hpj;bat;asm;asmx</Extensions>
    </Filter>
  </ItemGroup>
  <ItemGroup>
    <ClCompile Include="..\lib\src\modelHandler_OpenCL.cpp">
      <Filter>Source Files</Filter>
    </ClCompile>
    <ClCompile Include="..\lib\src\modelHandler_sse.cpp">
      <Filter>Source Files</Filter>
    </ClCompile>
    <ClCompile Include="..\lib\src\threadPool.cpp">
      <Filter>Source Files</Filter>
    </ClCompile>
    <ClCompile Include="..\lib\src\w2xconv.cpp">
      <Filter>Source Files</Filter>
    </ClCompile>
    <ClCompile Include="..\lib\src\Buffer.cpp">
      <Filter>Source Files</Filter>
    </ClCompile>
    <ClCompile Include="..\lib\src\common.cpp">
      <Filter>Source Files</Filter>
    </ClCompile>
    <ClCompile Include="..\lib\src\convertRoutine.cpp">
      <Filter>Source Files</Filter>
    </ClCompile>
    <ClCompile Include="..\lib\src\cvwrap.cpp">
      <Filter>Source Files</Filter>
    </ClCompile>
    <ClCompile Include="..\lib\src\Env.cpp">
      <Filter>Source Files</Filter>
    </ClCompile>
    <ClCompile Include="..\lib\src\modelHandler.cpp">
      <Filter>Source Files</Filter>
    </ClCompile>
    <ClCompile Include="..\lib\src\modelHandler_avx.cpp">
      <Filter>Source Files</Filter>
    </ClCompile>
    <ClCompile Include="..\lib\src\modelHandler_CUDA.cpp">
      <Filter>Source Files</Filter>
    </ClCompile>
    <ClCompile Include="..\lib\src\modelHandler_fma.cpp">
      <Filter>Source Files</Filter>
    </ClCompile>
    <ClCompile Include="..\lib\src\modelHandler_neon.cpp">
      <Filter>Source Files</Filter>
    </ClCompile>
  </ItemGroup>
  <ItemGroup>
    <None Include="..\lib\src\modelHandler_OpenCL.cl">
      <Filter>Source Files</Filter>
    </None>
    <None Include="..\lib\src\modelHandler_CUDA.cu">
      <Filter>Source Files</Filter>
    </None>
  </ItemGroup>
  <ItemGroup>
    <ClInclude Include="..\lib\src\modelHandler_simd.hpp">
      <Filter>Source Files</Filter>
    </ClInclude>
    <ClInclude Include="..\lib\src\modelHandler_simd_unroll1.hpp">
      <Filter>Source Files</Filter>
    </ClInclude>
    <ClInclude Include="..\lib\src\modelHandler_simd_unroll2.hpp">
      <Filter>Source Files</Filter>
    </ClInclude>
    <ClInclude Include="..\lib\src\modelHandler_simd_unroll4.hpp">
      <Filter>Source Files</Filter>
    </ClInclude>
    <ClInclude Include="..\lib\src\modelHandler_simd_unroll5.hpp">
      <Filter>Source Files</Filter>
    </ClInclude>
    <ClInclude Include="..\lib\src\params.h">
      <Filter>Source Files</Filter>
    </ClInclude>
    <ClInclude Include="..\lib\src\sec.hpp">
      <Filter>Source Files</Filter>
    </ClInclude>
    <ClInclude Include="..\lib\src\tchar.h">
      <Filter>Source Files</Filter>
    </ClInclude>
    <ClInclude Include="..\lib\src\threadPool.hpp">
      <Filter>Source Files</Filter>
    </ClInclude>
    <ClInclude Include="..\lib\src\w2xconv.h">
      <Filter>Source Files</Filter>
    </ClInclude>
    <ClInclude Include="..\lib\src\Buffer.hpp">
      <Filter>Source Files</Filter>
    </ClInclude>
    <ClInclude Include="..\lib\src\CLlib.h">
      <Filter>Source Files</Filter>
    </ClInclude>
    <ClInclude Include="..\lib\src\common.hpp">
      <Filter>Source Files</Filter>
    </ClInclude>
    <ClInclude Include="..\lib\src\compiler.h">
      <Filter>Source Files</Filter>
    </ClInclude>
    <ClInclude Include="..\lib\src\convertRoutine.hpp">
      <Filter>Source Files</Filter>
    </ClInclude>
    <ClInclude Include="..\lib\src\CUDAlib.h">
      <Filter>Source Files</Filter>
    </ClInclude>
    <ClInclude Include="..\lib\src\cvwrap.hpp">
      <Filter>Source Files</Filter>
    </ClInclude>
    <ClInclude Include="..\lib\src\Env.hpp">
      <Filter>Source Files</Filter>
    </ClInclude>
    <ClInclude Include="..\lib\src\filters.hpp">
      <Filter>Source Files</Filter>
    </ClInclude>
    <ClInclude Include="..\lib\src\modelHandler.hpp">
      <Filter>Source Files</Filter>
    </ClInclude>
    <ClInclude Include="..\lib\src\modelHandler_avx_func.hpp">
      <Filter>Source Files</Filter>
    </ClInclude>
  </ItemGroup>
</Project>