
Microsoft Visual Studio Solution File, Format Version 12.00
# Visual Studio Version 16
Project("{2150E333-8FDC-42A3-9474-1A3956D46DE8}") = "CMakePredefinedTargets", "CMakePredefinedTargets", "{5A292562-CD6C-3BA7-9A67-1ADCD8662EA7}"
EndProject
Project("{2150E333-8FDC-42A3-9474-1A3956D46DE8}") = "PhysX SDK", "PhysX SDK", "{DDA111C9-2782-3286-912A-46D79A39B5B5}"
EndProject
Project("{8BC9CEB8-8B4A-11D0-8D11-00A0C91BC942}") = "ALL_BUILD", "ALL_BUILD.vcxproj", "{55E33468-9963-35D5-AD9C-CC5900AA823B}"
	ProjectSection(ProjectDependencies) = postProject
		{4D97B4C0-EE0C-38DF-B77D-85FA7D75DD98} = {4D97B4C0-EE0C-38DF-B77D-85FA7D75DD98}
		{955148AC-0E45-3279-A594-D108461FE074} = {955148AC-0E45-3279-A594-D108461FE074}
		{EFA65351-8A85-3598-B260-029996417F7B} = {EFA65351-8A85-3598-B260-029996417F7B}
		{3CAAE556-7991-354F-8C69-44BB3C5D8AB3} = {3CAAE556-7991-354F-8C69-44BB3C5D8AB3}
		{567F5300-BF9F-3343-8B91-2698C1583D8B} = {567F5300-BF9F-3343-8B91-2698C1583D8B}
		{81F052A3-2070-36F4-B635-4662FF9D03B6} = {81F052A3-2070-36F4-B635-4662FF9D03B6}
		{4D9C9785-4981-30C3-9881-33216A56DAF3} = {4D9C9785-4981-30C3-9881-33216A56DAF3}
		{FDEDBEEE-2BB9-3514-9DA4-4F1DA6005DB1} = {FDEDBEEE-2BB9-3514-9DA4-4F1DA6005DB1}
		{092868D1-E48A-380C-A7D9-B402C6B13348} = {092868D1-E48A-380C-A7D9-B402C6B13348}
		{4F4C4489-BC16-3331-9878-64C879DEEFD7} = {4F4C4489-BC16-3331-9878-64C879DEEFD7}
		{DCACC9BC-9245-36D7-9137-C3A51447D88D} = {DCACC9BC-9245-36D7-9137-C3A51447D88D}
		{17778BEC-18E7-369B-8DD9-852F72DCFB03} = {17778BEC-18E7-369B-8DD9-852F72DCFB03}
		{CADCE801-C9B3-3795-BACC-CF99F2F0BAC4} = {CADCE801-C9B3-3795-BACC-CF99F2F0BAC4}
		{96CB0299-8A35-3434-92A1-D1B933537B8A} = {96CB0299-8A35-3434-92A1-D1B933537B8A}
		{8F37FB74-61CA-3AEA-93C1-CC4D25C59536} = {8F37FB74-61CA-3AEA-93C1-CC4D25C59536}
		{50F10477-2659-3C1D-A7CD-4BBA3599B50D} = {50F10477-2659-3C1D-A7CD-4BBA3599B50D}
	EndProjectSection
EndProject
Project("{8BC9CEB8-8B4A-11D0-8D11-00A0C91BC942}") = "FastXml", "FastXml.vcxproj", "{4D97B4C0-EE0C-38DF-B77D-85FA7D75DD98}"
	ProjectSection(ProjectDependencies) = postProject
		{50F10477-2659-3C1D-A7CD-4BBA3599B50D} = {50F10477-2659-3C1D-A7CD-4BBA3599B50D}
	EndProjectSection
EndProject
Project("{8BC9CEB8-8B4A-11D0-8D11-00A0C91BC942}") = "INSTALL", "INSTALL.vcxproj", "{60A3406C-5D27-34FA-A6FC-8C0EDD835CBD}"
	ProjectSection(ProjectDependencies) = postProject
		{55E33468-9963-35D5-AD9C-CC5900AA823B} = {55E33468-9963-35D5-AD9C-CC5900AA823B}
		{50F10477-2659-3C1D-A7CD-4BBA3599B50D} = {50F10477-2659-3C1D-A7CD-4BBA3599B50D}
	EndProjectSection
EndProject
Project("{8BC9CEB8-8B4A-11D0-8D11-00A0C91BC942}") = "LowLevel", "LowLevel.vcxproj", "{955148AC-0E45-3279-A594-D108461FE074}"
	ProjectSection(ProjectDependencies) = postProject
		{50F10477-2659-3C1D-A7CD-4BBA3599B50D} = {50F10477-2659-3C1D-A7CD-4BBA3599B50D}
	EndProjectSection
EndProject
Project("{8BC9CEB8-8B4A-11D0-8D11-00A0C91BC942}") = "LowLevelAABB", "LowLevelAABB.vcxproj", "{EFA65351-8A85-3598-B260-029996417F7B}"
	ProjectSection(ProjectDependencies) = postProject
		{50F10477-2659-3C1D-A7CD-4BBA3599B50D} = {50F10477-2659-3C1D-A7CD-4BBA3599B50D}
	EndProjectSection
EndProject
Project("{8BC9CEB8-8B4A-11D0-8D11-00A0C91BC942}") = "LowLevelDynamics", "LowLevelDynamics.vcxproj", "{3CAAE556-7991-354F-8C69-44BB3C5D8AB3}"
	ProjectSection(ProjectDependencies) = postProject
		{50F10477-2659-3C1D-A7CD-4BBA3599B50D} = {50F10477-2659-3C1D-A7CD-4BBA3599B50D}
	EndProjectSection
EndProject
Project("{8BC9CEB8-8B4A-11D0-8D11-00A0C91BC942}") = "PhysX", "PhysX.vcxproj", "{567F5300-BF9F-3343-8B91-2698C1583D8B}"
	ProjectSection(ProjectDependencies) = postProject
		{955148AC-0E45-3279-A594-D108461FE074} = {955148AC-0E45-3279-A594-D108461FE074}
		{EFA65351-8A85-3598-B260-029996417F7B} = {EFA65351-8A85-3598-B260-029996417F7B}
		{3CAAE556-7991-354F-8C69-44BB3C5D8AB3} = {3CAAE556-7991-354F-8C69-44BB3C5D8AB3}
		{4D9C9785-4981-30C3-9881-33216A56DAF3} = {4D9C9785-4981-30C3-9881-33216A56DAF3}
		{4F4C4489-BC16-3331-9878-64C879DEEFD7} = {4F4C4489-BC16-3331-9878-64C879DEEFD7}
		{DCACC9BC-9245-36D7-9137-C3A51447D88D} = {DCACC9BC-9245-36D7-9137-C3A51447D88D}
		{17778BEC-18E7-369B-8DD9-852F72DCFB03} = {17778BEC-18E7-369B-8DD9-852F72DCFB03}
		{96CB0299-8A35-3434-92A1-D1B933537B8A} = {96CB0299-8A35-3434-92A1-D1B933537B8A}
		{8F37FB74-61CA-3AEA-93C1-CC4D25C59536} = {8F37FB74-61CA-3AEA-93C1-CC4D25C59536}
		{50F10477-2659-3C1D-A7CD-4BBA3599B50D} = {50F10477-2659-3C1D-A7CD-4BBA3599B50D}
	EndProjectSection
EndProject
Project("{8BC9CEB8-8B4A-11D0-8D11-00A0C91BC942}") = "PhysXCharacterKinematic", "PhysXCharacterKinematic.vcxproj", "{81F052A3-2070-36F4-B635-4662FF9D03B6}"
	ProjectSection(ProjectDependencies) = postProject
		{4F4C4489-BC16-3331-9878-64C879DEEFD7} = {4F4C4489-BC16-3331-9878-64C879DEEFD7}
		{50F10477-2659-3C1D-A7CD-4BBA3599B50D} = {50F10477-2659-3C1D-A7CD-4BBA3599B50D}
	EndProjectSection
EndProject
Project("{8BC9CEB8-8B4A-11D0-8D11-00A0C91BC942}") = "PhysXCommon", "PhysXCommon.vcxproj", "{4D9C9785-4981-30C3-9881-33216A56DAF3}"
	ProjectSection(ProjectDependencies) = postProject
		{4F4C4489-BC16-3331-9878-64C879DEEFD7} = {4F4C4489-BC16-3331-9878-64C879DEEFD7}
		{50F10477-2659-3C1D-A7CD-4BBA3599B50D} = {50F10477-2659-3C1D-A7CD-4BBA3599B50D}
	EndProjectSection
EndProject
Project("{8BC9CEB8-8B4A-11D0-8D11-00A0C91BC942}") = "PhysXCooking", "PhysXCooking.vcxproj", "{FDEDBEEE-2BB9-3514-9DA4-4F1DA6005DB1}"
	ProjectSection(ProjectDependencies) = postProject
		{4D9C9785-4981-30C3-9881-33216A56DAF3} = {4D9C9785-4981-30C3-9881-33216A56DAF3}
		{4F4C4489-BC16-3331-9878-64C879DEEFD7} = {4F4C4489-BC16-3331-9878-64C879DEEFD7}
		{50F10477-2659-3C1D-A7CD-4BBA3599B50D} = {50F10477-2659-3C1D-A7CD-4BBA3599B50D}
	EndProjectSection
EndProject
Project("{8BC9CEB8-8B4A-11D0-8D11-00A0C91BC942}") = "PhysXExtensions", "PhysXExtensions.vcxproj", "{092868D1-E48A-380C-A7D9-B402C6B13348}"
	ProjectSection(ProjectDependencies) = postProject
		{4D97B4C0-EE0C-38DF-B77D-85FA7D75DD98} = {4D97B4C0-EE0C-38DF-B77D-85FA7D75DD98}
		{567F5300-BF9F-3343-8B91-2698C1583D8B} = {567F5300-BF9F-3343-8B91-2698C1583D8B}
		{4D9C9785-4981-30C3-9881-33216A56DAF3} = {4D9C9785-4981-30C3-9881-33216A56DAF3}
		{4F4C4489-BC16-3331-9878-64C879DEEFD7} = {4F4C4489-BC16-3331-9878-64C879DEEFD7}
		{DCACC9BC-9245-36D7-9137-C3A51447D88D} = {DCACC9BC-9245-36D7-9137-C3A51447D88D}
		{50F10477-2659-3C1D-A7CD-4BBA3599B50D} = {50F10477-2659-3C1D-A7CD-4BBA3599B50D}
	EndProjectSection
EndProject
Project("{8BC9CEB8-8B4A-11D0-8D11-00A0C91BC942}") = "PhysXFoundation", "PhysXFoundation.vcxproj", "{4F4C4489-BC16-3331-9878-64C879DEEFD7}"
	ProjectSection(ProjectDependencies) = postProject
		{50F10477-2659-3C1D-A7CD-4BBA3599B50D} = {50F10477-2659-3C1D-A7CD-4BBA3599B50D}
	EndProjectSection
EndProject
Project("{8BC9CEB8-8B4A-11D0-8D11-00A0C91BC942}") = "PhysXPvdSDK", "PhysXPvdSDK.vcxproj", "{DCACC9BC-9245-36D7-9137-C3A51447D88D}"
	ProjectSection(ProjectDependencies) = postProject
		{4F4C4489-BC16-3331-9878-64C879DEEFD7} = {4F4C4489-BC16-3331-9878-64C879DEEFD7}
		{50F10477-2659-3C1D-A7CD-4BBA3599B50D} = {50F10477-2659-3C1D-A7CD-4BBA3599B50D}
	EndProjectSection
EndProject
Project("{8BC9CEB8-8B4A-11D0-8D11-00A0C91BC942}") = "PhysXTask", "PhysXTask.vcxproj", "{17778BEC-18E7-369B-8DD9-852F72DCFB03}"
	ProjectSection(ProjectDependencies) = postProject
		{50F10477-2659-3C1D-A7CD-4BBA3599B50D} = {50F10477-2659-3C1D-A7CD-4BBA3599B50D}
	EndProjectSection
EndProject
Project("{8BC9CEB8-8B4A-11D0-8D11-00A0C91BC942}") = "PhysXVehicle", "PhysXVehicle.vcxproj", "{CADCE801-C9B3-3795-BACC-CF99F2F0BAC4}"
	ProjectSection(ProjectDependencies) = postProject
		{4F4C4489-BC16-3331-9878-64C879DEEFD7} = {4F4C4489-BC16-3331-9878-64C879DEEFD7}
		{DCACC9BC-9245-36D7-9137-C3A51447D88D} = {DCACC9BC-9245-36D7-9137-C3A51447D88D}
		{50F10477-2659-3C1D-A7CD-4BBA3599B50D} = {50F10477-2659-3C1D-A7CD-4BBA3599B50D}
	EndProjectSection
EndProject
Project("{8BC9CEB8-8B4A-11D0-8D11-00A0C91BC942}") = "SceneQuery", "SceneQuery.vcxproj", "{96CB0299-8A35-3434-92A1-D1B933537B8A}"
	ProjectSection(ProjectDependencies) = postProject
		{50F10477-2659-3C1D-A7CD-4BBA3599B50D} = {50F10477-2659-3C1D-A7CD-4BBA3599B50D}
	EndProjectSection
EndProject
Project("{8BC9CEB8-8B4A-11D0-8D11-00A0C91BC942}") = "SimulationController", "SimulationController.vcxproj", "{8F37FB74-61CA-3AEA-93C1-CC4D25C59536}"
	ProjectSection(ProjectDependencies) = postProject
		{50F10477-2659-3C1D-A7CD-4BBA3599B50D} = {50F10477-2659-3C1D-A7CD-4BBA3599B50D}
	EndProjectSection
EndProject
Project("{8BC9CEB8-8B4A-11D0-8D11-00A0C91BC942}") = "ZERO_CHECK", "..\\ZERO_CHECK.vcxproj", "{50F10477-2659-3C1D-A7CD-4BBA3599B50D}"
	ProjectSection(ProjectDependencies) = postProject
	EndProjectSection
EndProject
Global
	GlobalSection(SolutionConfigurationPlatforms) = preSolution
		debug|Win32 = debug|Win32
		checked|Win32 = checked|Win32
		profile|Win32 = profile|Win32
		release|Win32 = release|Win32
	EndGlobalSection
	GlobalSection(ProjectConfigurationPlatforms) = postSolution
		{55E33468-9963-35D5-AD9C-CC5900AA823B}.debug|Win32.ActiveCfg = debug|Win32
		{55E33468-9963-35D5-AD9C-CC5900AA823B}.debug|Win32.Build.0 = debug|Win32
		{55E33468-9963-35D5-AD9C-CC5900AA823B}.checked|Win32.ActiveCfg = checked|Win32
		{55E33468-9963-35D5-AD9C-CC5900AA823B}.checked|Win32.Build.0 = checked|Win32
		{55E33468-9963-35D5-AD9C-CC5900AA823B}.profile|Win32.ActiveCfg = profile|Win32
		{55E33468-9963-35D5-AD9C-CC5900AA823B}.profile|Win32.Build.0 = profile|Win32
		{55E33468-9963-35D5-AD9C-CC5900AA823B}.release|Win32.ActiveCfg = release|Win32
		{55E33468-9963-35D5-AD9C-CC5900AA823B}.release|Win32.Build.0 = release|Win32
		{4D97B4C0-EE0C-38DF-B77D-85FA7D75DD98}.debug|Win32.ActiveCfg = debug|Win32
		{4D97B4C0-EE0C-38DF-B77D-85FA7D75DD98}.debug|Win32.Build.0 = debug|Win32
		{4D97B4C0-EE0C-38DF-B77D-85FA7D75DD98}.checked|Win32.ActiveCfg = checked|Win32
		{4D97B4C0-EE0C-38DF-B77D-85FA7D75DD98}.checked|Win32.Build.0 = checked|Win32
		{4D97B4C0-EE0C-38DF-B77D-85FA7D75DD98}.profile|Win32.ActiveCfg = profile|Win32
		{4D97B4C0-EE0C-38DF-B77D-85FA7D75DD98}.profile|Win32.Build.0 = profile|Win32
		{4D97B4C0-EE0C-38DF-B77D-85FA7D75DD98}.release|Win32.ActiveCfg = release|Win32
		{4D97B4C0-EE0C-38DF-B77D-85FA7D75DD98}.release|Win32.Build.0 = release|Win32
		{60A3406C-5D27-34FA-A6FC-8C0EDD835CBD}.debug|Win32.ActiveCfg = debug|Win32
		{60A3406C-5D27-34FA-A6FC-8C0EDD835CBD}.checked|Win32.ActiveCfg = checked|Win32
		{60A3406C-5D27-34FA-A6FC-8C0EDD835CBD}.profile|Win32.ActiveCfg = profile|Win32
		{60A3406C-5D27-34FA-A6FC-8C0EDD835CBD}.release|Win32.ActiveCfg = release|Win32
		{955148AC-0E45-3279-A594-D108461FE074}.debug|Win32.ActiveCfg = debug|Win32
		{955148AC-0E45-3279-A594-D108461FE074}.debug|Win32.Build.0 = debug|Win32
		{955148AC-0E45-3279-A594-D108461FE074}.checked|Win32.ActiveCfg = checked|Win32
		{955148AC-0E45-3279-A594-D108461FE074}.checked|Win32.Build.0 = checked|Win32
		{955148AC-0E45-3279-A594-D108461FE074}.profile|Win32.ActiveCfg = profile|Win32
		{955148AC-0E45-3279-A594-D108461FE074}.profile|Win32.Build.0 = profile|Win32
		{955148AC-0E45-3279-A594-D108461FE074}.release|Win32.ActiveCfg = release|Win32
		{955148AC-0E45-3279-A594-D108461FE074}.release|Win32.Build.0 = release|Win32
		{EFA65351-8A85-3598-B260-029996417F7B}.debug|Win32.ActiveCfg = debug|Win32
		{EFA65351-8A85-3598-B260-029996417F7B}.debug|Win32.Build.0 = debug|Win32
		{EFA65351-8A85-3598-B260-029996417F7B}.checked|Win32.ActiveCfg = checked|Win32
		{EFA65351-8A85-3598-B260-029996417F7B}.checked|Win32.Build.0 = checked|Win32
		{EFA65351-8A85-3598-B260-029996417F7B}.profile|Win32.ActiveCfg = profile|Win32
		{EFA65351-8A85-3598-B260-029996417F7B}.profile|Win32.Build.0 = profile|Win32
		{EFA65351-8A85-3598-B260-029996417F7B}.release|Win32.ActiveCfg = release|Win32
		{EFA65351-8A85-3598-B260-029996417F7B}.release|Win32.Build.0 = release|Win32
		{3CAAE556-7991-354F-8C69-44BB3C5D8AB3}.debug|Win32.ActiveCfg = debug|Win32
		{3CAAE556-7991-354F-8C69-44BB3C5D8AB3}.debug|Win32.Build.0 = debug|Win32
		{3CAAE556-7991-354F-8C69-44BB3C5D8AB3}.checked|Win32.ActiveCfg = checked|Win32
		{3CAAE556-7991-354F-8C69-44BB3C5D8AB3}.checked|Win32.Build.0 = checked|Win32
		{3CAAE556-7991-354F-8C69-44BB3C5D8AB3}.profile|Win32.ActiveCfg = profile|Win32
		{3CAAE556-7991-354F-8C69-44BB3C5D8AB3}.profile|Win32.Build.0 = profile|Win32
		{3CAAE556-7991-354F-8C69-44BB3C5D8AB3}.release|Win32.ActiveCfg = release|Win32
		{3CAAE556-7991-354F-8C69-44BB3C5D8AB3}.release|Win32.Build.0 = release|Win32
		{567F5300-BF9F-3343-8B91-2698C1583D8B}.debug|Win32.ActiveCfg = debug|Win32
		{567F5300-BF9F-3343-8B91-2698C1583D8B}.debug|Win32.Build.0 = debug|Win32
		{567F5300-BF9F-3343-8B91-2698C1583D8B}.checked|Win32.ActiveCfg = checked|Win32
		{567F5300-BF9F-3343-8B91-2698C1583D8B}.checked|Win32.Build.0 = checked|Win32
		{567F5300-BF9F-3343-8B91-2698C1583D8B}.profile|Win32.ActiveCfg = profile|Win32
		{567F5300-BF9F-3343-8B91-2698C1583D8B}.profile|Win32.Build.0 = profile|Win32
		{567F5300-BF9F-3343-8B91-2698C1583D8B}.release|Win32.ActiveCfg = release|Win32
		{567F5300-BF9F-3343-8B91-2698C1583D8B}.release|Win32.Build.0 = release|Win32
		{81F052A3-2070-36F4-B635-4662FF9D03B6}.debug|Win32.ActiveCfg = debug|Win32
		{81F052A3-2070-36F4-B635-4662FF9D03B6}.debug|Win32.Build.0 = debug|Win32
		{81F052A3-2070-36F4-B635-4662FF9D03B6}.checked|Win32.ActiveCfg = checked|Win32
		{81F052A3-2070-36F4-B635-4662FF9D03B6}.checked|Win32.Build.0 = checked|Win32
		{81F052A3-2070-36F4-B635-4662FF9D03B6}.profile|Win32.ActiveCfg = profile|Win32
		{81F052A3-2070-36F4-B635-4662FF9D03B6}.profile|Win32.Build.0 = profile|Win32
		{81F052A3-2070-36F4-B635-4662FF9D03B6}.release|Win32.ActiveCfg = release|Win32
		{81F052A3-2070-36F4-B635-4662FF9D03B6}.release|Win32.Build.0 = release|Win32
		{4D9C9785-4981-30C3-9881-33216A56DAF3}.debug|Win32.ActiveCfg = debug|Win32
		{4D9C9785-4981-30C3-9881-33216A56DAF3}.debug|Win32.Build.0 = debug|Win32
		{4D9C9785-4981-30C3-9881-33216A56DAF3}.checked|Win32.ActiveCfg = checked|Win32
		{4D9C9785-4981-30C3-9881-33216A56DAF3}.checked|Win32.Build.0 = checked|Win32
		{4D9C9785-4981-30C3-9881-33216A56DAF3}.profile|Win32.ActiveCfg = profile|Win32
		{4D9C9785-4981-30C3-9881-33216A56DAF3}.profile|Win32.Build.0 = profile|Win32
		{4D9C9785-4981-30C3-9881-33216A56DAF3}.release|Win32.ActiveCfg = release|Win32
		{4D9C9785-4981-30C3-9881-33216A56DAF3}.release|Win32.Build.0 = release|Win32
		{FDEDBEEE-2BB9-3514-9DA4-4F1DA6005DB1}.debug|Win32.ActiveCfg = debug|Win32
		{FDEDBEEE-2BB9-3514-9DA4-4F1DA6005DB1}.debug|Win32.Build.0 = debug|Win32
		{FDEDBEEE-2BB9-3514-9DA4-4F1DA6005DB1}.checked|Win32.ActiveCfg = checked|Win32
		{FDEDBEEE-2BB9-3514-9DA4-4F1DA6005DB1}.checked|Win32.Build.0 = checked|Win32
		{FDEDBEEE-2BB9-3514-9DA4-4F1DA6005DB1}.profile|Win32.ActiveCfg = profile|Win32
		{FDEDBEEE-2BB9-3514-9DA4-4F1DA6005DB1}.profile|Win32.Build.0 = profile|Win32
		{FDEDBEEE-2BB9-3514-9DA4-4F1DA6005DB1}.release|Win32.ActiveCfg = release|Win32
		{FDEDBEEE-2BB9-3514-9DA4-4F1DA6005DB1}.release|Win32.Build.0 = release|Win32
		{092868D1-E48A-380C-A7D9-B402C6B13348}.debug|Win32.ActiveCfg = debug|Win32
		{092868D1-E48A-380C-A7D9-B402C6B13348}.debug|Win32.Build.0 = debug|Win32
		{092868D1-E48A-380C-A7D9-B402C6B13348}.checked|Win32.ActiveCfg = checked|Win32
		{092868D1-E48A-380C-A7D9-B402C6B13348}.checked|Win32.Build.0 = checked|Win32
		{092868D1-E48A-380C-A7D9-B402C6B13348}.profile|Win32.ActiveCfg = profile|Win32
		{092868D1-E48A-380C-A7D9-B402C6B13348}.profile|Win32.Build.0 = profile|Win32
		{092868D1-E48A-380C-A7D9-B402C6B13348}.release|Win32.ActiveCfg = release|Win32
		{092868D1-E48A-380C-A7D9-B402C6B13348}.release|Win32.Build.0 = release|Win32
		{4F4C4489-BC16-3331-9878-64C879DEEFD7}.debug|Win32.ActiveCfg = debug|Win32
		{4F4C4489-BC16-3331-9878-64C879DEEFD7}.debug|Win32.Build.0 = debug|Win32
		{4F4C4489-BC16-3331-9878-64C879DEEFD7}.checked|Win32.ActiveCfg = checked|Win32
		{4F4C4489-BC16-3331-9878-64C879DEEFD7}.checked|Win32.Build.0 = checked|Win32
		{4F4C4489-BC16-3331-9878-64C879DEEFD7}.profile|Win32.ActiveCfg = profile|Win32
		{4F4C4489-BC16-3331-9878-64C879DEEFD7}.profile|Win32.Build.0 = profile|Win32
		{4F4C4489-BC16-3331-9878-64C879DEEFD7}.release|Win32.ActiveCfg = release|Win32
		{4F4C4489-BC16-3331-9878-64C879DEEFD7}.release|Win32.Build.0 = release|Win32
		{DCACC9BC-9245-36D7-9137-C3A51447D88D}.debug|Win32.ActiveCfg = debug|Win32
		{DCACC9BC-9245-36D7-9137-C3A51447D88D}.debug|Win32.Build.0 = debug|Win32
		{DCACC9BC-9245-36D7-9137-C3A51447D88D}.checked|Win32.ActiveCfg = checked|Win32
		{DCACC9BC-9245-36D7-9137-C3A51447D88D}.checked|Win32.Build.0 = checked|Win32
		{DCACC9BC-9245-36D7-9137-C3A51447D88D}.profile|Win32.ActiveCfg = profile|Win32
		{DCACC9BC-9245-36D7-9137-C3A51447D88D}.profile|Win32.Build.0 = profile|Win32
		{DCACC9BC-9245-36D7-9137-C3A51447D88D}.release|Win32.ActiveCfg = release|Win32
		{DCACC9BC-9245-36D7-9137-C3A51447D88D}.release|Win32.Build.0 = release|Win32
		{17778BEC-18E7-369B-8DD9-852F72DCFB03}.debug|Win32.ActiveCfg = debug|Win32
		{17778BEC-18E7-369B-8DD9-852F72DCFB03}.debug|Win32.Build.0 = debug|Win32
		{17778BEC-18E7-369B-8DD9-852F72DCFB03}.checked|Win32.ActiveCfg = checked|Win32
		{17778BEC-18E7-369B-8DD9-852F72DCFB03}.checked|Win32.Build.0 = checked|Win32
		{17778BEC-18E7-369B-8DD9-852F72DCFB03}.profile|Win32.ActiveCfg = profile|Win32
		{17778BEC-18E7-369B-8DD9-852F72DCFB03}.profile|Win32.Build.0 = profile|Win32
		{17778BEC-18E7-369B-8DD9-852F72DCFB03}.release|Win32.ActiveCfg = release|Win32
		{17778BEC-18E7-369B-8DD9-852F72DCFB03}.release|Win32.Build.0 = release|Win32
		{CADCE801-C9B3-3795-BACC-CF99F2F0BAC4}.debug|Win32.ActiveCfg = debug|Win32
		{CADCE801-C9B3-3795-BACC-CF99F2F0BAC4}.debug|Win32.Build.0 = debug|Win32
		{CADCE801-C9B3-3795-BACC-CF99F2F0BAC4}.checked|Win32.ActiveCfg = checked|Win32
		{CADCE801-C9B3-3795-BACC-CF99F2F0BAC4}.checked|Win32.Build.0 = checked|Win32
		{CADCE801-C9B3-3795-BACC-CF99F2F0BAC4}.profile|Win32.ActiveCfg = profile|Win32
		{CADCE801-C9B3-3795-BACC-CF99F2F0BAC4}.profile|Win32.Build.0 = profile|Win32
		{CADCE801-C9B3-3795-BACC-CF99F2F0BAC4}.release|Win32.ActiveCfg = release|Win32
		{CADCE801-C9B3-3795-BACC-CF99F2F0BAC4}.release|Win32.Build.0 = release|Win32
		{96CB0299-8A35-3434-92A1-D1B933537B8A}.debug|Win32.ActiveCfg = debug|Win32
		{96CB0299-8A35-3434-92A1-D1B933537B8A}.debug|Win32.Build.0 = debug|Win32
		{96CB0299-8A35-3434-92A1-D1B933537B8A}.checked|Win32.ActiveCfg = checked|Win32
		{96CB0299-8A35-3434-92A1-D1B933537B8A}.checked|Win32.Build.0 = checked|Win32
		{96CB0299-8A35-3434-92A1-D1B933537B8A}.profile|Win32.ActiveCfg = profile|Win32
		{96CB0299-8A35-3434-92A1-D1B933537B8A}.profile|Win32.Build.0 = profile|Win32
		{96CB0299-8A35-3434-92A1-D1B933537B8A}.release|Win32.ActiveCfg = release|Win32
		{96CB0299-8A35-3434-92A1-D1B933537B8A}.release|Win32.Build.0 = release|Win32
		{8F37FB74-61CA-3AEA-93C1-CC4D25C59536}.debug|Win32.ActiveCfg = debug|Win32
		{8F37FB74-61CA-3AEA-93C1-CC4D25C59536}.debug|Win32.Build.0 = debug|Win32
		{8F37FB74-61CA-3AEA-93C1-CC4D25C59536}.checked|Win32.ActiveCfg = checked|Win32
		{8F37FB74-61CA-3AEA-93C1-CC4D25C59536}.checked|Win32.Build.0 = checked|Win32
		{8F37FB74-61CA-3AEA-93C1-CC4D25C59536}.profile|Win32.ActiveCfg = profile|Win32
		{8F37FB74-61CA-3AEA-93C1-CC4D25C59536}.profile|Win32.Build.0 = profile|Win32
		{8F37FB74-61CA-3AEA-93C1-CC4D25C59536}.release|Win32.ActiveCfg = release|Win32
		{8F37FB74-61CA-3AEA-93C1-CC4D25C59536}.release|Win32.Build.0 = release|Win32
		{50F10477-2659-3C1D-A7CD-4BBA3599B50D}.debug|Win32.ActiveCfg = debug|Win32
		{50F10477-2659-3C1D-A7CD-4BBA3599B50D}.debug|Win32.Build.0 = debug|Win32
		{50F10477-2659-3C1D-A7CD-4BBA3599B50D}.checked|Win32.ActiveCfg = checked|Win32
		{50F10477-2659-3C1D-A7CD-4BBA3599B50D}.checked|Win32.Build.0 = checked|Win32
		{50F10477-2659-3C1D-A7CD-4BBA3599B50D}.profile|Win32.ActiveCfg = profile|Win32
		{50F10477-2659-3C1D-A7CD-4BBA3599B50D}.profile|Win32.Build.0 = profile|Win32
		{50F10477-2659-3C1D-A7CD-4BBA3599B50D}.release|Win32.ActiveCfg = release|Win32
		{50F10477-2659-3C1D-A7CD-4BBA3599B50D}.release|Win32.Build.0 = release|Win32
	EndGlobalSection
	GlobalSection(NestedProjects) = preSolution
		{55E33468-9963-35D5-AD9C-CC5900AA823B} = {5A292562-CD6C-3BA7-9A67-1ADCD8662EA7}
		{60A3406C-5D27-34FA-A6FC-8C0EDD835CBD} = {5A292562-CD6C-3BA7-9A67-1ADCD8662EA7}
		{50F10477-2659-3C1D-A7CD-4BBA3599B50D} = {5A292562-CD6C-3BA7-9A67-1ADCD8662EA7}
		{4D97B4C0-EE0C-38DF-B77D-85FA7D75DD98} = {DDA111C9-2782-3286-912A-46D79A39B5B5}
		{955148AC-0E45-3279-A594-D108461FE074} = {DDA111C9-2782-3286-912A-46D79A39B5B5}
		{EFA65351-8A85-3598-B260-029996417F7B} = {DDA111C9-2782-3286-912A-46D79A39B5B5}
		{3CAAE556-7991-354F-8C69-44BB3C5D8AB3} = {DDA111C9-2782-3286-912A-46D79A39B5B5}
		{567F5300-BF9F-3343-8B91-2698C1583D8B} = {DDA111C9-2782-3286-912A-46D79A39B5B5}
		{81F052A3-2070-36F4-B635-4662FF9D03B6} = {DDA111C9-2782-3286-912A-46D79A39B5B5}
		{4D9C9785-4981-30C3-9881-33216A56DAF3} = {DDA111C9-2782-3286-912A-46D79A39B5B5}
		{FDEDBEEE-2BB9-3514-9DA4-4F1DA6005DB1} = {DDA111C9-2782-3286-912A-46D79A39B5B5}
		{092868D1-E48A-380C-A7D9-B402C6B13348} = {DDA111C9-2782-3286-912A-46D79A39B5B5}
		{4F4C4489-BC16-3331-9878-64C879DEEFD7} = {DDA111C9-2782-3286-912A-46D79A39B5B5}
		{DCACC9BC-9245-36D7-9137-C3A51447D88D} = {DDA111C9-2782-3286-912A-46D79A39B5B5}
		{17778BEC-18E7-369B-8DD9-852F72DCFB03} = {DDA111C9-2782-3286-912A-46D79A39B5B5}
		{CADCE801-C9B3-3795-BACC-CF99F2F0BAC4} = {DDA111C9-2782-3286-912A-46D79A39B5B5}
		{96CB0299-8A35-3434-92A1-D1B933537B8A} = {DDA111C9-2782-3286-912A-46D79A39B5B5}
		{8F37FB74-61CA-3AEA-93C1-CC4D25C59536} = {DDA111C9-2782-3286-912A-46D79A39B5B5}
	EndGlobalSection
	GlobalSection(ExtensibilityGlobals) = postSolution
		SolutionGuid = {2C6BAFD1-1FFD-3806-AA40-3FA9BA491A88}
	EndGlobalSection
	GlobalSection(ExtensibilityAddIns) = postSolution
	EndGlobalSection
EndGlobal
