<?xml version="1.0" encoding="utf-8"?>
<Project ToolsVersion="16.0" xmlns="http://schemas.microsoft.com/developer/msbuild/2003">
  <ItemGroup>
    <ClCompile Include="C:\Esenthel\ThirdPartyLibs\PhysX\physx\source\lowlevel\api\src\px_globals.cpp">
      <Filter>API Source</Filter>
    </ClCompile>
    <ClCompile Include="C:\Esenthel\ThirdPartyLibs\PhysX\physx\source\lowlevel\common\src\pipeline\PxcContactCache.cpp">
      <Filter>Common Source\pipeline</Filter>
    </ClCompile>
    <ClCompile Include="C:\Esenthel\ThirdPartyLibs\PhysX\physx\source\lowlevel\common\src\pipeline\PxcContactMethodImpl.cpp">
      <Filter>Common Source\pipeline</Filter>
    </ClCompile>
    <ClCompile Include="C:\Esenthel\ThirdPartyLibs\PhysX\physx\source\lowlevel\common\src\pipeline\PxcMaterialHeightField.cpp">
      <Filter>Common Source\pipeline</Filter>
    </ClCompile>
    <ClCompile Include="C:\Esenthel\ThirdPartyLibs\PhysX\physx\source\lowlevel\common\src\pipeline\PxcMaterialMesh.cpp">
      <Filter>Common Source\pipeline</Filter>
    </ClCompile>
    <ClCompile Include="C:\Esenthel\ThirdPartyLibs\PhysX\physx\source\lowlevel\common\src\pipeline\PxcMaterialMethodImpl.cpp">
      <Filter>Common Source\pipeline</Filter>
    </ClCompile>
    <ClCompile Include="C:\Esenthel\ThirdPartyLibs\PhysX\physx\source\lowlevel\common\src\pipeline\PxcMaterialShape.cpp">
      <Filter>Common Source\pipeline</Filter>
    </ClCompile>
    <ClCompile Include="C:\Esenthel\ThirdPartyLibs\PhysX\physx\source\lowlevel\common\src\pipeline\PxcNpBatch.cpp">
      <Filter>Common Source\pipeline</Filter>
    </ClCompile>
    <ClCompile Include="C:\Esenthel\ThirdPartyLibs\PhysX\physx\source\lowlevel\common\src\pipeline\PxcNpCacheStreamPair.cpp">
      <Filter>Common Source\pipeline</Filter>
    </ClCompile>
    <ClCompile Include="C:\Esenthel\ThirdPartyLibs\PhysX\physx\source\lowlevel\common\src\pipeline\PxcNpContactPrepShared.cpp">
      <Filter>Common Source\pipeline</Filter>
    </ClCompile>
    <ClCompile Include="C:\Esenthel\ThirdPartyLibs\PhysX\physx\source\lowlevel\common\src\pipeline\PxcNpMemBlockPool.cpp">
      <Filter>Common Source\pipeline</Filter>
    </ClCompile>
    <ClCompile Include="C:\Esenthel\ThirdPartyLibs\PhysX\physx\source\lowlevel\common\src\pipeline\PxcNpThreadContext.cpp">
      <Filter>Common Source\pipeline</Filter>
    </ClCompile>
    <ClCompile Include="C:\Esenthel\ThirdPartyLibs\PhysX\physx\source\lowlevel\software\src\PxsCCD.cpp">
      <Filter>Software Source</Filter>
    </ClCompile>
    <ClCompile Include="C:\Esenthel\ThirdPartyLibs\PhysX\physx\source\lowlevel\software\src\PxsContactManager.cpp">
      <Filter>Software Source</Filter>
    </ClCompile>
    <ClCompile Include="C:\Esenthel\ThirdPartyLibs\PhysX\physx\source\lowlevel\software\src\PxsContext.cpp">
      <Filter>Software Source</Filter>
    </ClCompile>
    <ClCompile Include="C:\Esenthel\ThirdPartyLibs\PhysX\physx\source\lowlevel\software\src\PxsDefaultMemoryManager.cpp">
      <Filter>Software Source</Filter>
    </ClCompile>
    <ClCompile Include="C:\Esenthel\ThirdPartyLibs\PhysX\physx\source\lowlevel\software\src\PxsIslandSim.cpp">
      <Filter>Software Source</Filter>
    </ClCompile>
    <ClCompile Include="C:\Esenthel\ThirdPartyLibs\PhysX\physx\source\lowlevel\software\src\PxsMaterialCombiner.cpp">
      <Filter>Software Source</Filter>
    </ClCompile>
    <ClCompile Include="C:\Esenthel\ThirdPartyLibs\PhysX\physx\source\lowlevel\software\src\PxsNphaseImplementationContext.cpp">
      <Filter>Software Source</Filter>
    </ClCompile>
    <ClCompile Include="C:\Esenthel\ThirdPartyLibs\PhysX\physx\source\lowlevel\software\src\PxsSimpleIslandManager.cpp">
      <Filter>Software Source</Filter>
    </ClCompile>
  </ItemGroup>
  <ItemGroup>
    <ClInclude Include="C:\Esenthel\ThirdPartyLibs\PhysX\physx\source\lowlevel\api\include\PxsMaterialCore.h">
      <Filter>API Includes</Filter>
    </ClInclude>
    <ClInclude Include="C:\Esenthel\ThirdPartyLibs\PhysX\physx\source\lowlevel\api\include\PxsMaterialManager.h">
      <Filter>API Includes</Filter>
    </ClInclude>
    <ClInclude Include="C:\Esenthel\ThirdPartyLibs\PhysX\physx\source\lowlevel\api\include\PxvConfig.h">
      <Filter>API Includes</Filter>
    </ClInclude>
    <ClInclude Include="C:\Esenthel\ThirdPartyLibs\PhysX\physx\source\lowlevel\api\include\PxvDynamics.h">
      <Filter>API Includes</Filter>
    </ClInclude>
    <ClInclude Include="C:\Esenthel\ThirdPartyLibs\PhysX\physx\source\lowlevel\api\include\PxvGeometry.h">
      <Filter>API Includes</Filter>
    </ClInclude>
    <ClInclude Include="C:\Esenthel\ThirdPartyLibs\PhysX\physx\source\lowlevel\api\include\PxvGlobals.h">
      <Filter>API Includes</Filter>
    </ClInclude>
    <ClInclude Include="C:\Esenthel\ThirdPartyLibs\PhysX\physx\source\lowlevel\api\include\PxvManager.h">
      <Filter>API Includes</Filter>
    </ClInclude>
    <ClInclude Include="C:\Esenthel\ThirdPartyLibs\PhysX\physx\source\lowlevel\api\include\PxvSimStats.h">
      <Filter>API Includes</Filter>
    </ClInclude>
    <ClInclude Include="C:\Esenthel\ThirdPartyLibs\PhysX\physx\source\lowlevel\common\include\collision\PxcContactMethodImpl.h">
      <Filter>Common Includes\collision</Filter>
    </ClInclude>
    <ClInclude Include="C:\Esenthel\ThirdPartyLibs\PhysX\physx\source\lowlevel\common\include\pipeline\PxcConstraintBlockStream.h">
      <Filter>Common Includes\pipeline</Filter>
    </ClInclude>
    <ClInclude Include="C:\Esenthel\ThirdPartyLibs\PhysX\physx\source\lowlevel\common\include\pipeline\PxcContactCache.h">
      <Filter>Common Includes\pipeline</Filter>
    </ClInclude>
    <ClInclude Include="C:\Esenthel\ThirdPartyLibs\PhysX\physx\source\lowlevel\common\include\pipeline\PxcMaterialMethodImpl.h">
      <Filter>Common Includes\pipeline</Filter>
    </ClInclude>
    <ClInclude Include="C:\Esenthel\ThirdPartyLibs\PhysX\physx\source\lowlevel\common\include\pipeline\PxcNpBatch.h">
      <Filter>Common Includes\pipeline</Filter>
    </ClInclude>
    <ClInclude Include="C:\Esenthel\ThirdPartyLibs\PhysX\physx\source\lowlevel\common\include\pipeline\PxcNpCache.h">
      <Filter>Common Includes\pipeline</Filter>
    </ClInclude>
    <ClInclude Include="C:\Esenthel\ThirdPartyLibs\PhysX\physx\source\lowlevel\common\include\pipeline\PxcNpCacheStreamPair.h">
      <Filter>Common Includes\pipeline</Filter>
    </ClInclude>
    <ClInclude Include="C:\Esenthel\ThirdPartyLibs\PhysX\physx\source\lowlevel\common\include\pipeline\PxcNpContactPrepShared.h">
      <Filter>Common Includes\pipeline</Filter>
    </ClInclude>
    <ClInclude Include="C:\Esenthel\ThirdPartyLibs\PhysX\physx\source\lowlevel\common\include\pipeline\PxcNpMemBlockPool.h">
      <Filter>Common Includes\pipeline</Filter>
    </ClInclude>
    <ClInclude Include="C:\Esenthel\ThirdPartyLibs\PhysX\physx\source\lowlevel\common\include\pipeline\PxcNpThreadContext.h">
      <Filter>Common Includes\pipeline</Filter>
    </ClInclude>
    <ClInclude Include="C:\Esenthel\ThirdPartyLibs\PhysX\physx\source\lowlevel\common\include\pipeline\PxcNpWorkUnit.h">
      <Filter>Common Includes\pipeline</Filter>
    </ClInclude>
    <ClInclude Include="C:\Esenthel\ThirdPartyLibs\PhysX\physx\source\lowlevel\common\include\utils\PxcScratchAllocator.h">
      <Filter>Common Includes\utils</Filter>
    </ClInclude>
    <ClInclude Include="C:\Esenthel\ThirdPartyLibs\PhysX\physx\source\lowlevel\common\include\utils\PxcThreadCoherentCache.h">
      <Filter>Common Includes\utils</Filter>
    </ClInclude>
    <ClInclude Include="C:\Esenthel\ThirdPartyLibs\PhysX\physx\source\lowlevel\software\include\PxsBodySim.h">
      <Filter>Software Includes</Filter>
    </ClInclude>
    <ClInclude Include="C:\Esenthel\ThirdPartyLibs\PhysX\physx\source\lowlevel\software\include\PxsCCD.h">
      <Filter>Software Includes</Filter>
    </ClInclude>
    <ClInclude Include="C:\Esenthel\ThirdPartyLibs\PhysX\physx\source\lowlevel\software\include\PxsContactManager.h">
      <Filter>Software Includes</Filter>
    </ClInclude>
    <ClInclude Include="C:\Esenthel\ThirdPartyLibs\PhysX\physx\source\lowlevel\software\include\PxsContactManagerState.h">
      <Filter>Software Includes</Filter>
    </ClInclude>
    <ClInclude Include="C:\Esenthel\ThirdPartyLibs\PhysX\physx\source\lowlevel\software\include\PxsContext.h">
      <Filter>Software Includes</Filter>
    </ClInclude>
    <ClInclude Include="C:\Esenthel\ThirdPartyLibs\PhysX\physx\source\lowlevel\software\include\PxsDefaultMemoryManager.h">
      <Filter>Software Includes</Filter>
    </ClInclude>
    <ClInclude Include="C:\Esenthel\ThirdPartyLibs\PhysX\physx\source\lowlevel\software\include\PxsHeapMemoryAllocator.h">
      <Filter>Software Includes</Filter>
    </ClInclude>
    <ClInclude Include="C:\Esenthel\ThirdPartyLibs\PhysX\physx\source\lowlevel\software\include\PxsIncrementalConstraintPartitioning.h">
      <Filter>Software Includes</Filter>
    </ClInclude>
    <ClInclude Include="C:\Esenthel\ThirdPartyLibs\PhysX\physx\source\lowlevel\software\include\PxsIslandManagerTypes.h">
      <Filter>Software Includes</Filter>
    </ClInclude>
    <ClInclude Include="C:\Esenthel\ThirdPartyLibs\PhysX\physx\source\lowlevel\software\include\PxsIslandSim.h">
      <Filter>Software Includes</Filter>
    </ClInclude>
    <ClInclude Include="C:\Esenthel\ThirdPartyLibs\PhysX\physx\source\lowlevel\software\include\PxsIslandNodeIndex.h">
      <Filter>Software Includes</Filter>
    </ClInclude>
    <ClInclude Include="C:\Esenthel\ThirdPartyLibs\PhysX\physx\source\lowlevel\software\include\PxsKernelWrangler.h">
      <Filter>Software Includes</Filter>
    </ClInclude>
    <ClInclude Include="C:\Esenthel\ThirdPartyLibs\PhysX\physx\source\lowlevel\software\include\PxsMaterialCombiner.h">
      <Filter>Software Includes</Filter>
    </ClInclude>
    <ClInclude Include="C:\Esenthel\ThirdPartyLibs\PhysX\physx\source\lowlevel\software\include\PxsMemoryManager.h">
      <Filter>Software Includes</Filter>
    </ClInclude>
    <ClInclude Include="C:\Esenthel\ThirdPartyLibs\PhysX\physx\source\lowlevel\software\include\PxsNphaseImplementationContext.h">
      <Filter>Software Includes</Filter>
    </ClInclude>
    <ClInclude Include="C:\Esenthel\ThirdPartyLibs\PhysX\physx\source\lowlevel\software\include\PxsRigidBody.h">
      <Filter>Software Includes</Filter>
    </ClInclude>
    <ClInclude Include="C:\Esenthel\ThirdPartyLibs\PhysX\physx\source\lowlevel\software\include\PxsShapeSim.h">
      <Filter>Software Includes</Filter>
    </ClInclude>
    <ClInclude Include="C:\Esenthel\ThirdPartyLibs\PhysX\physx\source\lowlevel\software\include\PxsSimpleIslandManager.h">
      <Filter>Software Includes</Filter>
    </ClInclude>
    <ClInclude Include="C:\Esenthel\ThirdPartyLibs\PhysX\physx\source\lowlevel\software\include\PxsSimulationController.h">
      <Filter>Software Includes</Filter>
    </ClInclude>
    <ClInclude Include="C:\Esenthel\ThirdPartyLibs\PhysX\physx\source\lowlevel\software\include\PxsTransformCache.h">
      <Filter>Software Includes</Filter>
    </ClInclude>
    <ClInclude Include="C:\Esenthel\ThirdPartyLibs\PhysX\physx\source\lowlevel\software\include\PxvNphaseImplementationContext.h">
      <Filter>Software Includes</Filter>
    </ClInclude>
  </ItemGroup>
  <ItemGroup>
    <CustomBuild Include="C:\Esenthel\ThirdPartyLibs\PhysX\physx\source\compiler\cmake\CMakeLists.txt" />
  </ItemGroup>
  <ItemGroup>
    <Filter Include="API Includes">
      <UniqueIdentifier>{A8805BE3-D2E7-3683-A26B-49CE2DC69E9D}</UniqueIdentifier>
    </Filter>
    <Filter Include="API Source">
      <UniqueIdentifier>{A5F5482D-1B91-3579-90AA-4B497849283B}</UniqueIdentifier>
    </Filter>
    <Filter Include="Common Includes">
      <UniqueIdentifier>{4382FFFE-1F91-3726-93D5-90D7F2FC4C67}</UniqueIdentifier>
    </Filter>
    <Filter Include="Common Includes\collision">
      <UniqueIdentifier>{940FCF14-6793-3DB0-844E-0FAFBF3E58C0}</UniqueIdentifier>
    </Filter>
    <Filter Include="Common Includes\pipeline">
      <UniqueIdentifier>{372B218C-8A9E-364F-BE1D-C98DC31F5A9F}</UniqueIdentifier>
    </Filter>
    <Filter Include="Common Includes\utils">
      <UniqueIdentifier>{773B5CAC-5C0A-3ED2-95C5-9C8907F4A388}</UniqueIdentifier>
    </Filter>
    <Filter Include="Common Source">
      <UniqueIdentifier>{0D0F36C5-1F6B-3DFA-B2A6-5CF9C3698AAA}</UniqueIdentifier>
    </Filter>
    <Filter Include="Common Source\pipeline">
      <UniqueIdentifier>{5E6129BD-987E-3D19-B93D-07827C2B1036}</UniqueIdentifier>
    </Filter>
    <Filter Include="Software Includes">
      <UniqueIdentifier>{43FE253A-5D5C-3549-B006-3F8EAB370EDF}</UniqueIdentifier>
    </Filter>
    <Filter Include="Software Source">
      <UniqueIdentifier>{3BDDB7FB-35EC-371F-9B24-0805002BEA06}</UniqueIdentifier>
    </Filter>
  </ItemGroup>
</Project>
