
Microsoft Visual Studio Solution File, Format Version 12.00
# Visual Studio Version 16
Project("{2150E333-8FDC-42A3-9474-1A3956D46DE8}") = "CMakePredefinedTargets", "CMakePredefinedTargets", "{9C724732-C468-3973-A04F-246EAC771E35}"
EndProject
Project("{2150E333-8FDC-42A3-9474-1A3956D46DE8}") = "PhysX SDK", "PhysX SDK", "{0768828F-4958-3AE0-A549-C5127DE4AABB}"
EndProject
Project("{8BC9CEB8-8B4A-11D0-8D11-00A0C91BC942}") = "ALL_BUILD", "ALL_BUILD.vcxproj", "{FB236917-70C0-3ED1-A8CF-C19BAACDDAC4}"
	ProjectSection(ProjectDependencies) = postProject
		{6A0AE8E0-4E07-3974-89BB-DC75F055E498} = {6A0AE8E0-4E07-3974-89BB-DC75F055E498}
		{9BE4D649-440C-33A1-B415-B27C60A499DC} = {9BE4D649-440C-33A1-B415-B27C60A499DC}
		{1D8EB94F-45DB-30EF-B1AD-00A05AB451A6} = {1D8EB94F-45DB-30EF-B1AD-00A05AB451A6}
		{81D77B65-9986-365D-A7BD-94CA4C60C157} = {81D77B65-9986-365D-A7BD-94CA4C60C157}
		{00D363E6-6729-3148-80EF-629AAD7AA29E} = {00D363E6-6729-3148-80EF-629AAD7AA29E}
		{476DBF34-5A27-3DB9-9D01-B1789FC616A6} = {476DBF34-5A27-3DB9-9D01-B1789FC616A6}
		{6423F247-A6B1-3535-9A8E-641DC278C3F5} = {6423F247-A6B1-3535-9A8E-641DC278C3F5}
		{489EE6B5-E56B-3753-95F5-5621EF859C3D} = {489EE6B5-E56B-3753-95F5-5621EF859C3D}
		{467BE023-EA62-34EF-BF09-63DB4EA2D84A} = {467BE023-EA62-34EF-BF09-63DB4EA2D84A}
		{E4BB5304-CB42-3073-B935-A550D106C025} = {E4BB5304-CB42-3073-B935-A550D106C025}
		{073A353D-4AA2-3C6A-86D9-2F1E17F40C8C} = {073A353D-4AA2-3C6A-86D9-2F1E17F40C8C}
		{477C6B9A-65CC-31C9-88CE-A8EC25831F28} = {477C6B9A-65CC-31C9-88CE-A8EC25831F28}
		{A96DF5C7-5C8E-3BCE-8D77-882F52380C7D} = {A96DF5C7-5C8E-3BCE-8D77-882F52380C7D}
		{7B2FA6E5-0AE8-31C2-810E-106BFB16EB68} = {7B2FA6E5-0AE8-31C2-810E-106BFB16EB68}
		{CE3E914E-6C63-3C27-855D-ABB51196C663} = {CE3E914E-6C63-3C27-855D-ABB51196C663}
		{A1B03947-AF3D-3F74-A900-F48B38B29594} = {A1B03947-AF3D-3F74-A900-F48B38B29594}
	EndProjectSection
EndProject
Project("{8BC9CEB8-8B4A-11D0-8D11-00A0C91BC942}") = "FastXml", "FastXml.vcxproj", "{6A0AE8E0-4E07-3974-89BB-DC75F055E498}"
	ProjectSection(ProjectDependencies) = postProject
		{A1B03947-AF3D-3F74-A900-F48B38B29594} = {A1B03947-AF3D-3F74-A900-F48B38B29594}
	EndProjectSection
EndProject
Project("{8BC9CEB8-8B4A-11D0-8D11-00A0C91BC942}") = "INSTALL", "INSTALL.vcxproj", "{EB4405FA-053B-3EDE-9E15-B70B6E714612}"
	ProjectSection(ProjectDependencies) = postProject
		{FB236917-70C0-3ED1-A8CF-C19BAACDDAC4} = {FB236917-70C0-3ED1-A8CF-C19BAACDDAC4}
		{A1B03947-AF3D-3F74-A900-F48B38B29594} = {A1B03947-AF3D-3F74-A900-F48B38B29594}
	EndProjectSection
EndProject
Project("{8BC9CEB8-8B4A-11D0-8D11-00A0C91BC942}") = "LowLevel", "LowLevel.vcxproj", "{9BE4D649-440C-33A1-B415-B27C60A499DC}"
	ProjectSection(ProjectDependencies) = postProject
		{A1B03947-AF3D-3F74-A900-F48B38B29594} = {A1B03947-AF3D-3F74-A900-F48B38B29594}
	EndProjectSection
EndProject
Project("{8BC9CEB8-8B4A-11D0-8D11-00A0C91BC942}") = "LowLevelAABB", "LowLevelAABB.vcxproj", "{1D8EB94F-45DB-30EF-B1AD-00A05AB451A6}"
	ProjectSection(ProjectDependencies) = postProject
		{A1B03947-AF3D-3F74-A900-F48B38B29594} = {A1B03947-AF3D-3F74-A900-F48B38B29594}
	EndProjectSection
EndProject
Project("{8BC9CEB8-8B4A-11D0-8D11-00A0C91BC942}") = "LowLevelDynamics", "LowLevelDynamics.vcxproj", "{81D77B65-9986-365D-A7BD-94CA4C60C157}"
	ProjectSection(ProjectDependencies) = postProject
		{A1B03947-AF3D-3F74-A900-F48B38B29594} = {A1B03947-AF3D-3F74-A900-F48B38B29594}
	EndProjectSection
EndProject
Project("{8BC9CEB8-8B4A-11D0-8D11-00A0C91BC942}") = "PhysX", "PhysX.vcxproj", "{00D363E6-6729-3148-80EF-629AAD7AA29E}"
	ProjectSection(ProjectDependencies) = postProject
		{9BE4D649-440C-33A1-B415-B27C60A499DC} = {9BE4D649-440C-33A1-B415-B27C60A499DC}
		{1D8EB94F-45DB-30EF-B1AD-00A05AB451A6} = {1D8EB94F-45DB-30EF-B1AD-00A05AB451A6}
		{81D77B65-9986-365D-A7BD-94CA4C60C157} = {81D77B65-9986-365D-A7BD-94CA4C60C157}
		{6423F247-A6B1-3535-9A8E-641DC278C3F5} = {6423F247-A6B1-3535-9A8E-641DC278C3F5}
		{E4BB5304-CB42-3073-B935-A550D106C025} = {E4BB5304-CB42-3073-B935-A550D106C025}
		{073A353D-4AA2-3C6A-86D9-2F1E17F40C8C} = {073A353D-4AA2-3C6A-86D9-2F1E17F40C8C}
		{477C6B9A-65CC-31C9-88CE-A8EC25831F28} = {477C6B9A-65CC-31C9-88CE-A8EC25831F28}
		{7B2FA6E5-0AE8-31C2-810E-106BFB16EB68} = {7B2FA6E5-0AE8-31C2-810E-106BFB16EB68}
		{CE3E914E-6C63-3C27-855D-ABB51196C663} = {CE3E914E-6C63-3C27-855D-ABB51196C663}
		{A1B03947-AF3D-3F74-A900-F48B38B29594} = {A1B03947-AF3D-3F74-A900-F48B38B29594}
	EndProjectSection
EndProject
Project("{8BC9CEB8-8B4A-11D0-8D11-00A0C91BC942}") = "PhysXCharacterKinematic", "PhysXCharacterKinematic.vcxproj", "{476DBF34-5A27-3DB9-9D01-B1789FC616A6}"
	ProjectSection(ProjectDependencies) = postProject
		{E4BB5304-CB42-3073-B935-A550D106C025} = {E4BB5304-CB42-3073-B935-A550D106C025}
		{A1B03947-AF3D-3F74-A900-F48B38B29594} = {A1B03947-AF3D-3F74-A900-F48B38B29594}
	EndProjectSection
EndProject
Project("{8BC9CEB8-8B4A-11D0-8D11-00A0C91BC942}") = "PhysXCommon", "PhysXCommon.vcxproj", "{6423F247-A6B1-3535-9A8E-641DC278C3F5}"
	ProjectSection(ProjectDependencies) = postProject
		{E4BB5304-CB42-3073-B935-A550D106C025} = {E4BB5304-CB42-3073-B935-A550D106C025}
		{A1B03947-AF3D-3F74-A900-F48B38B29594} = {A1B03947-AF3D-3F74-A900-F48B38B29594}
	EndProjectSection
EndProject
Project("{8BC9CEB8-8B4A-11D0-8D11-00A0C91BC942}") = "PhysXCooking", "PhysXCooking.vcxproj", "{489EE6B5-E56B-3753-95F5-5621EF859C3D}"
	ProjectSection(ProjectDependencies) = postProject
		{6423F247-A6B1-3535-9A8E-641DC278C3F5} = {6423F247-A6B1-3535-9A8E-641DC278C3F5}
		{E4BB5304-CB42-3073-B935-A550D106C025} = {E4BB5304-CB42-3073-B935-A550D106C025}
		{A1B03947-AF3D-3F74-A900-F48B38B29594} = {A1B03947-AF3D-3F74-A900-F48B38B29594}
	EndProjectSection
EndProject
Project("{8BC9CEB8-8B4A-11D0-8D11-00A0C91BC942}") = "PhysXExtensions", "PhysXExtensions.vcxproj", "{467BE023-EA62-34EF-BF09-63DB4EA2D84A}"
	ProjectSection(ProjectDependencies) = postProject
		{6A0AE8E0-4E07-3974-89BB-DC75F055E498} = {6A0AE8E0-4E07-3974-89BB-DC75F055E498}
		{00D363E6-6729-3148-80EF-629AAD7AA29E} = {00D363E6-6729-3148-80EF-629AAD7AA29E}
		{6423F247-A6B1-3535-9A8E-641DC278C3F5} = {6423F247-A6B1-3535-9A8E-641DC278C3F5}
		{E4BB5304-CB42-3073-B935-A550D106C025} = {E4BB5304-CB42-3073-B935-A550D106C025}
		{073A353D-4AA2-3C6A-86D9-2F1E17F40C8C} = {073A353D-4AA2-3C6A-86D9-2F1E17F40C8C}
		{A1B03947-AF3D-3F74-A900-F48B38B29594} = {A1B03947-AF3D-3F74-A900-F48B38B29594}
	EndProjectSection
EndProject
Project("{8BC9CEB8-8B4A-11D0-8D11-00A0C91BC942}") = "PhysXFoundation", "PhysXFoundation.vcxproj", "{E4BB5304-CB42-3073-B935-A550D106C025}"
	ProjectSection(ProjectDependencies) = postProject
		{A1B03947-AF3D-3F74-A900-F48B38B29594} = {A1B03947-AF3D-3F74-A900-F48B38B29594}
	EndProjectSection
EndProject
Project("{8BC9CEB8-8B4A-11D0-8D11-00A0C91BC942}") = "PhysXPvdSDK", "PhysXPvdSDK.vcxproj", "{073A353D-4AA2-3C6A-86D9-2F1E17F40C8C}"
	ProjectSection(ProjectDependencies) = postProject
		{E4BB5304-CB42-3073-B935-A550D106C025} = {E4BB5304-CB42-3073-B935-A550D106C025}
		{A1B03947-AF3D-3F74-A900-F48B38B29594} = {A1B03947-AF3D-3F74-A900-F48B38B29594}
	EndProjectSection
EndProject
Project("{8BC9CEB8-8B4A-11D0-8D11-00A0C91BC942}") = "PhysXTask", "PhysXTask.vcxproj", "{477C6B9A-65CC-31C9-88CE-A8EC25831F28}"
	ProjectSection(ProjectDependencies) = postProject
		{A1B03947-AF3D-3F74-A900-F48B38B29594} = {A1B03947-AF3D-3F74-A900-F48B38B29594}
	EndProjectSection
EndProject
Project("{8BC9CEB8-8B4A-11D0-8D11-00A0C91BC942}") = "PhysXVehicle", "PhysXVehicle.vcxproj", "{A96DF5C7-5C8E-3BCE-8D77-882F52380C7D}"
	ProjectSection(ProjectDependencies) = postProject
		{E4BB5304-CB42-3073-B935-A550D106C025} = {E4BB5304-CB42-3073-B935-A550D106C025}
		{073A353D-4AA2-3C6A-86D9-2F1E17F40C8C} = {073A353D-4AA2-3C6A-86D9-2F1E17F40C8C}
		{A1B03947-AF3D-3F74-A900-F48B38B29594} = {A1B03947-AF3D-3F74-A900-F48B38B29594}
	EndProjectSection
EndProject
Project("{8BC9CEB8-8B4A-11D0-8D11-00A0C91BC942}") = "SceneQuery", "SceneQuery.vcxproj", "{7B2FA6E5-0AE8-31C2-810E-106BFB16EB68}"
	ProjectSection(ProjectDependencies) = postProject
		{A1B03947-AF3D-3F74-A900-F48B38B29594} = {A1B03947-AF3D-3F74-A900-F48B38B29594}
	EndProjectSection
EndProject
Project("{8BC9CEB8-8B4A-11D0-8D11-00A0C91BC942}") = "SimulationController", "SimulationController.vcxproj", "{CE3E914E-6C63-3C27-855D-ABB51196C663}"
	ProjectSection(ProjectDependencies) = postProject
		{A1B03947-AF3D-3F74-A900-F48B38B29594} = {A1B03947-AF3D-3F74-A900-F48B38B29594}
	EndProjectSection
EndProject
Project("{8BC9CEB8-8B4A-11D0-8D11-00A0C91BC942}") = "ZERO_CHECK", "..\\ZERO_CHECK.vcxproj", "{A1B03947-AF3D-3F74-A900-F48B38B29594}"
	ProjectSection(ProjectDependencies) = postProject
	EndProjectSection
EndProject
Global
	GlobalSection(SolutionConfigurationPlatforms) = preSolution
		debug|Win32 = debug|Win32
		checked|Win32 = checked|Win32
		profile|Win32 = profile|Win32
		release|Win32 = release|Win32
	EndGlobalSection
	GlobalSection(ProjectConfigurationPlatforms) = postSolution
		{FB236917-70C0-3ED1-A8CF-C19BAACDDAC4}.debug|Win32.ActiveCfg = debug|Win32
		{FB236917-70C0-3ED1-A8CF-C19BAACDDAC4}.debug|Win32.Build.0 = debug|Win32
		{FB236917-70C0-3ED1-A8CF-C19BAACDDAC4}.checked|Win32.ActiveCfg = checked|Win32
		{FB236917-70C0-3ED1-A8CF-C19BAACDDAC4}.checked|Win32.Build.0 = checked|Win32
		{FB236917-70C0-3ED1-A8CF-C19BAACDDAC4}.profile|Win32.ActiveCfg = profile|Win32
		{FB236917-70C0-3ED1-A8CF-C19BAACDDAC4}.profile|Win32.Build.0 = profile|Win32
		{FB236917-70C0-3ED1-A8CF-C19BAACDDAC4}.release|Win32.ActiveCfg = release|Win32
		{FB236917-70C0-3ED1-A8CF-C19BAACDDAC4}.release|Win32.Build.0 = release|Win32
		{6A0AE8E0-4E07-3974-89BB-DC75F055E498}.debug|Win32.ActiveCfg = debug|Win32
		{6A0AE8E0-4E07-3974-89BB-DC75F055E498}.debug|Win32.Build.0 = debug|Win32
		{6A0AE8E0-4E07-3974-89BB-DC75F055E498}.checked|Win32.ActiveCfg = checked|Win32
		{6A0AE8E0-4E07-3974-89BB-DC75F055E498}.checked|Win32.Build.0 = checked|Win32
		{6A0AE8E0-4E07-3974-89BB-DC75F055E498}.profile|Win32.ActiveCfg = profile|Win32
		{6A0AE8E0-4E07-3974-89BB-DC75F055E498}.profile|Win32.Build.0 = profile|Win32
		{6A0AE8E0-4E07-3974-89BB-DC75F055E498}.release|Win32.ActiveCfg = release|Win32
		{6A0AE8E0-4E07-3974-89BB-DC75F055E498}.release|Win32.Build.0 = release|Win32
		{EB4405FA-053B-3EDE-9E15-B70B6E714612}.debug|Win32.ActiveCfg = debug|Win32
		{EB4405FA-053B-3EDE-9E15-B70B6E714612}.checked|Win32.ActiveCfg = checked|Win32
		{EB4405FA-053B-3EDE-9E15-B70B6E714612}.profile|Win32.ActiveCfg = profile|Win32
		{EB4405FA-053B-3EDE-9E15-B70B6E714612}.release|Win32.ActiveCfg = release|Win32
		{9BE4D649-440C-33A1-B415-B27C60A499DC}.debug|Win32.ActiveCfg = debug|Win32
		{9BE4D649-440C-33A1-B415-B27C60A499DC}.debug|Win32.Build.0 = debug|Win32
		{9BE4D649-440C-33A1-B415-B27C60A499DC}.checked|Win32.ActiveCfg = checked|Win32
		{9BE4D649-440C-33A1-B415-B27C60A499DC}.checked|Win32.Build.0 = checked|Win32
		{9BE4D649-440C-33A1-B415-B27C60A499DC}.profile|Win32.ActiveCfg = profile|Win32
		{9BE4D649-440C-33A1-B415-B27C60A499DC}.profile|Win32.Build.0 = profile|Win32
		{9BE4D649-440C-33A1-B415-B27C60A499DC}.release|Win32.ActiveCfg = release|Win32
		{9BE4D649-440C-33A1-B415-B27C60A499DC}.release|Win32.Build.0 = release|Win32
		{1D8EB94F-45DB-30EF-B1AD-00A05AB451A6}.debug|Win32.ActiveCfg = debug|Win32
		{1D8EB94F-45DB-30EF-B1AD-00A05AB451A6}.debug|Win32.Build.0 = debug|Win32
		{1D8EB94F-45DB-30EF-B1AD-00A05AB451A6}.checked|Win32.ActiveCfg = checked|Win32
		{1D8EB94F-45DB-30EF-B1AD-00A05AB451A6}.checked|Win32.Build.0 = checked|Win32
		{1D8EB94F-45DB-30EF-B1AD-00A05AB451A6}.profile|Win32.ActiveCfg = profile|Win32
		{1D8EB94F-45DB-30EF-B1AD-00A05AB451A6}.profile|Win32.Build.0 = profile|Win32
		{1D8EB94F-45DB-30EF-B1AD-00A05AB451A6}.release|Win32.ActiveCfg = release|Win32
		{1D8EB94F-45DB-30EF-B1AD-00A05AB451A6}.release|Win32.Build.0 = release|Win32
		{81D77B65-9986-365D-A7BD-94CA4C60C157}.debug|Win32.ActiveCfg = debug|Win32
		{81D77B65-9986-365D-A7BD-94CA4C60C157}.debug|Win32.Build.0 = debug|Win32
		{81D77B65-9986-365D-A7BD-94CA4C60C157}.checked|Win32.ActiveCfg = checked|Win32
		{81D77B65-9986-365D-A7BD-94CA4C60C157}.checked|Win32.Build.0 = checked|Win32
		{81D77B65-9986-365D-A7BD-94CA4C60C157}.profile|Win32.ActiveCfg = profile|Win32
		{81D77B65-9986-365D-A7BD-94CA4C60C157}.profile|Win32.Build.0 = profile|Win32
		{81D77B65-9986-365D-A7BD-94CA4C60C157}.release|Win32.ActiveCfg = release|Win32
		{81D77B65-9986-365D-A7BD-94CA4C60C157}.release|Win32.Build.0 = release|Win32
		{00D363E6-6729-3148-80EF-629AAD7AA29E}.debug|Win32.ActiveCfg = debug|Win32
		{00D363E6-6729-3148-80EF-629AAD7AA29E}.debug|Win32.Build.0 = debug|Win32
		{00D363E6-6729-3148-80EF-629AAD7AA29E}.checked|Win32.ActiveCfg = checked|Win32
		{00D363E6-6729-3148-80EF-629AAD7AA29E}.checked|Win32.Build.0 = checked|Win32
		{00D363E6-6729-3148-80EF-629AAD7AA29E}.profile|Win32.ActiveCfg = profile|Win32
		{00D363E6-6729-3148-80EF-629AAD7AA29E}.profile|Win32.Build.0 = profile|Win32
		{00D363E6-6729-3148-80EF-629AAD7AA29E}.release|Win32.ActiveCfg = release|Win32
		{00D363E6-6729-3148-80EF-629AAD7AA29E}.release|Win32.Build.0 = release|Win32
		{476DBF34-5A27-3DB9-9D01-B1789FC616A6}.debug|Win32.ActiveCfg = debug|Win32
		{476DBF34-5A27-3DB9-9D01-B1789FC616A6}.debug|Win32.Build.0 = debug|Win32
		{476DBF34-5A27-3DB9-9D01-B1789FC616A6}.checked|Win32.ActiveCfg = checked|Win32
		{476DBF34-5A27-3DB9-9D01-B1789FC616A6}.checked|Win32.Build.0 = checked|Win32
		{476DBF34-5A27-3DB9-9D01-B1789FC616A6}.profile|Win32.ActiveCfg = profile|Win32
		{476DBF34-5A27-3DB9-9D01-B1789FC616A6}.profile|Win32.Build.0 = profile|Win32
		{476DBF34-5A27-3DB9-9D01-B1789FC616A6}.release|Win32.ActiveCfg = release|Win32
		{476DBF34-5A27-3DB9-9D01-B1789FC616A6}.release|Win32.Build.0 = release|Win32
		{6423F247-A6B1-3535-9A8E-641DC278C3F5}.debug|Win32.ActiveCfg = debug|Win32
		{6423F247-A6B1-3535-9A8E-641DC278C3F5}.debug|Win32.Build.0 = debug|Win32
		{6423F247-A6B1-3535-9A8E-641DC278C3F5}.checked|Win32.ActiveCfg = checked|Win32
		{6423F247-A6B1-3535-9A8E-641DC278C3F5}.checked|Win32.Build.0 = checked|Win32
		{6423F247-A6B1-3535-9A8E-641DC278C3F5}.profile|Win32.ActiveCfg = profile|Win32
		{6423F247-A6B1-3535-9A8E-641DC278C3F5}.profile|Win32.Build.0 = profile|Win32
		{6423F247-A6B1-3535-9A8E-641DC278C3F5}.release|Win32.ActiveCfg = release|Win32
		{6423F247-A6B1-3535-9A8E-641DC278C3F5}.release|Win32.Build.0 = release|Win32
		{489EE6B5-E56B-3753-95F5-5621EF859C3D}.debug|Win32.ActiveCfg = debug|Win32
		{489EE6B5-E56B-3753-95F5-5621EF859C3D}.debug|Win32.Build.0 = debug|Win32
		{489EE6B5-E56B-3753-95F5-5621EF859C3D}.checked|Win32.ActiveCfg = checked|Win32
		{489EE6B5-E56B-3753-95F5-5621EF859C3D}.checked|Win32.Build.0 = checked|Win32
		{489EE6B5-E56B-3753-95F5-5621EF859C3D}.profile|Win32.ActiveCfg = profile|Win32
		{489EE6B5-E56B-3753-95F5-5621EF859C3D}.profile|Win32.Build.0 = profile|Win32
		{489EE6B5-E56B-3753-95F5-5621EF859C3D}.release|Win32.ActiveCfg = release|Win32
		{489EE6B5-E56B-3753-95F5-5621EF859C3D}.release|Win32.Build.0 = release|Win32
		{467BE023-EA62-34EF-BF09-63DB4EA2D84A}.debug|Win32.ActiveCfg = debug|Win32
		{467BE023-EA62-34EF-BF09-63DB4EA2D84A}.debug|Win32.Build.0 = debug|Win32
		{467BE023-EA62-34EF-BF09-63DB4EA2D84A}.checked|Win32.ActiveCfg = checked|Win32
		{467BE023-EA62-34EF-BF09-63DB4EA2D84A}.checked|Win32.Build.0 = checked|Win32
		{467BE023-EA62-34EF-BF09-63DB4EA2D84A}.profile|Win32.ActiveCfg = profile|Win32
		{467BE023-EA62-34EF-BF09-63DB4EA2D84A}.profile|Win32.Build.0 = profile|Win32
		{467BE023-EA62-34EF-BF09-63DB4EA2D84A}.release|Win32.ActiveCfg = release|Win32
		{467BE023-EA62-34EF-BF09-63DB4EA2D84A}.release|Win32.Build.0 = release|Win32
		{E4BB5304-CB42-3073-B935-A550D106C025}.debug|Win32.ActiveCfg = debug|Win32
		{E4BB5304-CB42-3073-B935-A550D106C025}.debug|Win32.Build.0 = debug|Win32
		{E4BB5304-CB42-3073-B935-A550D106C025}.checked|Win32.ActiveCfg = checked|Win32
		{E4BB5304-CB42-3073-B935-A550D106C025}.checked|Win32.Build.0 = checked|Win32
		{E4BB5304-CB42-3073-B935-A550D106C025}.profile|Win32.ActiveCfg = profile|Win32
		{E4BB5304-CB42-3073-B935-A550D106C025}.profile|Win32.Build.0 = profile|Win32
		{E4BB5304-CB42-3073-B935-A550D106C025}.release|Win32.ActiveCfg = release|Win32
		{E4BB5304-CB42-3073-B935-A550D106C025}.release|Win32.Build.0 = release|Win32
		{073A353D-4AA2-3C6A-86D9-2F1E17F40C8C}.debug|Win32.ActiveCfg = debug|Win32
		{073A353D-4AA2-3C6A-86D9-2F1E17F40C8C}.debug|Win32.Build.0 = debug|Win32
		{073A353D-4AA2-3C6A-86D9-2F1E17F40C8C}.checked|Win32.ActiveCfg = checked|Win32
		{073A353D-4AA2-3C6A-86D9-2F1E17F40C8C}.checked|Win32.Build.0 = checked|Win32
		{073A353D-4AA2-3C6A-86D9-2F1E17F40C8C}.profile|Win32.ActiveCfg = profile|Win32
		{073A353D-4AA2-3C6A-86D9-2F1E17F40C8C}.profile|Win32.Build.0 = profile|Win32
		{073A353D-4AA2-3C6A-86D9-2F1E17F40C8C}.release|Win32.ActiveCfg = release|Win32
		{073A353D-4AA2-3C6A-86D9-2F1E17F40C8C}.release|Win32.Build.0 = release|Win32
		{477C6B9A-65CC-31C9-88CE-A8EC25831F28}.debug|Win32.ActiveCfg = debug|Win32
		{477C6B9A-65CC-31C9-88CE-A8EC25831F28}.debug|Win32.Build.0 = debug|Win32
		{477C6B9A-65CC-31C9-88CE-A8EC25831F28}.checked|Win32.ActiveCfg = checked|Win32
		{477C6B9A-65CC-31C9-88CE-A8EC25831F28}.checked|Win32.Build.0 = checked|Win32
		{477C6B9A-65CC-31C9-88CE-A8EC25831F28}.profile|Win32.ActiveCfg = profile|Win32
		{477C6B9A-65CC-31C9-88CE-A8EC25831F28}.profile|Win32.Build.0 = profile|Win32
		{477C6B9A-65CC-31C9-88CE-A8EC25831F28}.release|Win32.ActiveCfg = release|Win32
		{477C6B9A-65CC-31C9-88CE-A8EC25831F28}.release|Win32.Build.0 = release|Win32
		{A96DF5C7-5C8E-3BCE-8D77-882F52380C7D}.debug|Win32.ActiveCfg = debug|Win32
		{A96DF5C7-5C8E-3BCE-8D77-882F52380C7D}.debug|Win32.Build.0 = debug|Win32
		{A96DF5C7-5C8E-3BCE-8D77-882F52380C7D}.checked|Win32.ActiveCfg = checked|Win32
		{A96DF5C7-5C8E-3BCE-8D77-882F52380C7D}.checked|Win32.Build.0 = checked|Win32
		{A96DF5C7-5C8E-3BCE-8D77-882F52380C7D}.profile|Win32.ActiveCfg = profile|Win32
		{A96DF5C7-5C8E-3BCE-8D77-882F52380C7D}.profile|Win32.Build.0 = profile|Win32
		{A96DF5C7-5C8E-3BCE-8D77-882F52380C7D}.release|Win32.ActiveCfg = release|Win32
		{A96DF5C7-5C8E-3BCE-8D77-882F52380C7D}.release|Win32.Build.0 = release|Win32
		{7B2FA6E5-0AE8-31C2-810E-106BFB16EB68}.debug|Win32.ActiveCfg = debug|Win32
		{7B2FA6E5-0AE8-31C2-810E-106BFB16EB68}.debug|Win32.Build.0 = debug|Win32
		{7B2FA6E5-0AE8-31C2-810E-106BFB16EB68}.checked|Win32.ActiveCfg = checked|Win32
		{7B2FA6E5-0AE8-31C2-810E-106BFB16EB68}.checked|Win32.Build.0 = checked|Win32
		{7B2FA6E5-0AE8-31C2-810E-106BFB16EB68}.profile|Win32.ActiveCfg = profile|Win32
		{7B2FA6E5-0AE8-31C2-810E-106BFB16EB68}.profile|Win32.Build.0 = profile|Win32
		{7B2FA6E5-0AE8-31C2-810E-106BFB16EB68}.release|Win32.ActiveCfg = release|Win32
		{7B2FA6E5-0AE8-31C2-810E-106BFB16EB68}.release|Win32.Build.0 = release|Win32
		{CE3E914E-6C63-3C27-855D-ABB51196C663}.debug|Win32.ActiveCfg = debug|Win32
		{CE3E914E-6C63-3C27-855D-ABB51196C663}.debug|Win32.Build.0 = debug|Win32
		{CE3E914E-6C63-3C27-855D-ABB51196C663}.checked|Win32.ActiveCfg = checked|Win32
		{CE3E914E-6C63-3C27-855D-ABB51196C663}.checked|Win32.Build.0 = checked|Win32
		{CE3E914E-6C63-3C27-855D-ABB51196C663}.profile|Win32.ActiveCfg = profile|Win32
		{CE3E914E-6C63-3C27-855D-ABB51196C663}.profile|Win32.Build.0 = profile|Win32
		{CE3E914E-6C63-3C27-855D-ABB51196C663}.release|Win32.ActiveCfg = release|Win32
		{CE3E914E-6C63-3C27-855D-ABB51196C663}.release|Win32.Build.0 = release|Win32
		{A1B03947-AF3D-3F74-A900-F48B38B29594}.debug|Win32.ActiveCfg = debug|Win32
		{A1B03947-AF3D-3F74-A900-F48B38B29594}.debug|Win32.Build.0 = debug|Win32
		{A1B03947-AF3D-3F74-A900-F48B38B29594}.checked|Win32.ActiveCfg = checked|Win32
		{A1B03947-AF3D-3F74-A900-F48B38B29594}.checked|Win32.Build.0 = checked|Win32
		{A1B03947-AF3D-3F74-A900-F48B38B29594}.profile|Win32.ActiveCfg = profile|Win32
		{A1B03947-AF3D-3F74-A900-F48B38B29594}.profile|Win32.Build.0 = profile|Win32
		{A1B03947-AF3D-3F74-A900-F48B38B29594}.release|Win32.ActiveCfg = release|Win32
		{A1B03947-AF3D-3F74-A900-F48B38B29594}.release|Win32.Build.0 = release|Win32
	EndGlobalSection
	GlobalSection(NestedProjects) = preSolution
		{FB236917-70C0-3ED1-A8CF-C19BAACDDAC4} = {9C724732-C468-3973-A04F-246EAC771E35}
		{EB4405FA-053B-3EDE-9E15-B70B6E714612} = {9C724732-C468-3973-A04F-246EAC771E35}
		{A1B03947-AF3D-3F74-A900-F48B38B29594} = {9C724732-C468-3973-A04F-246EAC771E35}
		{6A0AE8E0-4E07-3974-89BB-DC75F055E498} = {0768828F-4958-3AE0-A549-C5127DE4AABB}
		{9BE4D649-440C-33A1-B415-B27C60A499DC} = {0768828F-4958-3AE0-A549-C5127DE4AABB}
		{1D8EB94F-45DB-30EF-B1AD-00A05AB451A6} = {0768828F-4958-3AE0-A549-C5127DE4AABB}
		{81D77B65-9986-365D-A7BD-94CA4C60C157} = {0768828F-4958-3AE0-A549-C5127DE4AABB}
		{00D363E6-6729-3148-80EF-629AAD7AA29E} = {0768828F-4958-3AE0-A549-C5127DE4AABB}
		{476DBF34-5A27-3DB9-9D01-B1789FC616A6} = {0768828F-4958-3AE0-A549-C5127DE4AABB}
		{6423F247-A6B1-3535-9A8E-641DC278C3F5} = {0768828F-4958-3AE0-A549-C5127DE4AABB}
		{489EE6B5-E56B-3753-95F5-5621EF859C3D} = {0768828F-4958-3AE0-A549-C5127DE4AABB}
		{467BE023-EA62-34EF-BF09-63DB4EA2D84A} = {0768828F-4958-3AE0-A549-C5127DE4AABB}
		{E4BB5304-CB42-3073-B935-A550D106C025} = {0768828F-4958-3AE0-A549-C5127DE4AABB}
		{073A353D-4AA2-3C6A-86D9-2F1E17F40C8C} = {0768828F-4958-3AE0-A549-C5127DE4AABB}
		{477C6B9A-65CC-31C9-88CE-A8EC25831F28} = {0768828F-4958-3AE0-A549-C5127DE4AABB}
		{A96DF5C7-5C8E-3BCE-8D77-882F52380C7D} = {0768828F-4958-3AE0-A549-C5127DE4AABB}
		{7B2FA6E5-0AE8-31C2-810E-106BFB16EB68} = {0768828F-4958-3AE0-A549-C5127DE4AABB}
		{CE3E914E-6C63-3C27-855D-ABB51196C663} = {0768828F-4958-3AE0-A549-C5127DE4AABB}
	EndGlobalSection
	GlobalSection(ExtensibilityGlobals) = postSolution
		SolutionGuid = {B0F37B39-1413-32D6-9816-38FA391E7926}
	EndGlobalSection
	GlobalSection(ExtensibilityAddIns) = postSolution
	EndGlobalSection
EndGlobal
