
Microsoft Visual Studio Solution File, Format Version 12.00
# Visual Studio Version 16
Project("{2150E333-8FDC-42A3-9474-1A3956D46DE8}") = "CMakePredefinedTargets", "CMakePredefinedTargets", "{B6B0B987-46FE-3C20-80B4-A5E39DE41957}"
EndProject
Project("{2150E333-8FDC-42A3-9474-1A3956D46DE8}") = "PhysX SDK", "PhysX SDK", "{D6F80D7C-F320-3738-9D3D-7728A60A8D10}"
EndProject
Project("{8BC9CEB8-8B4A-11D0-8D11-00A0C91BC942}") = "ALL_BUILD", "ALL_BUILD.vcxproj", "{485BD49F-CEC6-35F6-8E3D-94442E1B2038}"
	ProjectSection(ProjectDependencies) = postProject
		{6E797A42-76BB-30BE-AD9E-9196ED88DD4A} = {6E797A42-76BB-30BE-AD9E-9196ED88DD4A}
		{323D7608-4A94-3FE1-A3F3-DC3CB97AABE5} = {323D7608-4A94-3FE1-A3F3-DC3CB97AABE5}
		{7E68C840-4DE0-3768-B2D3-AA8181BC223C} = {7E68C840-4DE0-3768-B2D3-AA8181BC223C}
		{441CAC83-BE84-34B5-85C5-F6A5249CCF34} = {441CAC83-BE84-34B5-85C5-F6A5249CCF34}
		{34964031-3A95-3399-ACBB-41CAE1389E90} = {34964031-3A95-3399-ACBB-41CAE1389E90}
		{BD967B72-502E-3355-9B45-4160B081DE1E} = {BD967B72-502E-3355-9B45-4160B081DE1E}
		{BFF47FF6-2A8D-3069-A593-B453AD6F3EE2} = {BFF47FF6-2A8D-3069-A593-B453AD6F3EE2}
		{922314D3-71F1-306A-8B47-568A9B83F5D3} = {922314D3-71F1-306A-8B47-568A9B83F5D3}
		{1D20553F-4B4D-3713-8D02-CB5F6523CB65} = {1D20553F-4B4D-3713-8D02-CB5F6523CB65}
		{CD2F84F1-DD10-39EE-8A9B-90D5CBAFEABC} = {CD2F84F1-DD10-39EE-8A9B-90D5CBAFEABC}
		{B891A175-A214-398B-88F4-C9FB3F6CF597} = {B891A175-A214-398B-88F4-C9FB3F6CF597}
		{53CBE8AA-F3BC-3E9E-8E07-0FAFAD3F7ED3} = {53CBE8AA-F3BC-3E9E-8E07-0FAFAD3F7ED3}
		{3A597A05-540E-3670-8EB3-1FB173831687} = {3A597A05-540E-3670-8EB3-1FB173831687}
		{764D31C0-852F-3E09-93B9-8510160DFC6A} = {764D31C0-852F-3E09-93B9-8510160DFC6A}
		{78BBC448-EF68-37D0-9846-E8B930BC9FC1} = {78BBC448-EF68-37D0-9846-E8B930BC9FC1}
		{C7A35CA2-88A5-33E0-8297-8A1334A27324} = {C7A35CA2-88A5-33E0-8297-8A1334A27324}
	EndProjectSection
EndProject
Project("{8BC9CEB8-8B4A-11D0-8D11-00A0C91BC942}") = "FastXml", "FastXml.vcxproj", "{6E797A42-76BB-30BE-AD9E-9196ED88DD4A}"
	ProjectSection(ProjectDependencies) = postProject
		{C7A35CA2-88A5-33E0-8297-8A1334A27324} = {C7A35CA2-88A5-33E0-8297-8A1334A27324}
	EndProjectSection
EndProject
Project("{8BC9CEB8-8B4A-11D0-8D11-00A0C91BC942}") = "INSTALL", "INSTALL.vcxproj", "{6B7ACE54-8D8B-3002-9BD9-89F230638927}"
	ProjectSection(ProjectDependencies) = postProject
		{485BD49F-CEC6-35F6-8E3D-94442E1B2038} = {485BD49F-CEC6-35F6-8E3D-94442E1B2038}
		{C7A35CA2-88A5-33E0-8297-8A1334A27324} = {C7A35CA2-88A5-33E0-8297-8A1334A27324}
	EndProjectSection
EndProject
Project("{8BC9CEB8-8B4A-11D0-8D11-00A0C91BC942}") = "LowLevel", "LowLevel.vcxproj", "{323D7608-4A94-3FE1-A3F3-DC3CB97AABE5}"
	ProjectSection(ProjectDependencies) = postProject
		{C7A35CA2-88A5-33E0-8297-8A1334A27324} = {C7A35CA2-88A5-33E0-8297-8A1334A27324}
	EndProjectSection
EndProject
Project("{8BC9CEB8-8B4A-11D0-8D11-00A0C91BC942}") = "LowLevelAABB", "LowLevelAABB.vcxproj", "{7E68C840-4DE0-3768-B2D3-AA8181BC223C}"
	ProjectSection(ProjectDependencies) = postProject
		{C7A35CA2-88A5-33E0-8297-8A1334A27324} = {C7A35CA2-88A5-33E0-8297-8A1334A27324}
	EndProjectSection
EndProject
Project("{8BC9CEB8-8B4A-11D0-8D11-00A0C91BC942}") = "LowLevelDynamics", "LowLevelDynamics.vcxproj", "{441CAC83-BE84-34B5-85C5-F6A5249CCF34}"
	ProjectSection(ProjectDependencies) = postProject
		{C7A35CA2-88A5-33E0-8297-8A1334A27324} = {C7A35CA2-88A5-33E0-8297-8A1334A27324}
	EndProjectSection
EndProject
Project("{8BC9CEB8-8B4A-11D0-8D11-00A0C91BC942}") = "PhysX", "PhysX.vcxproj", "{34964031-3A95-3399-ACBB-41CAE1389E90}"
	ProjectSection(ProjectDependencies) = postProject
		{323D7608-4A94-3FE1-A3F3-DC3CB97AABE5} = {323D7608-4A94-3FE1-A3F3-DC3CB97AABE5}
		{7E68C840-4DE0-3768-B2D3-AA8181BC223C} = {7E68C840-4DE0-3768-B2D3-AA8181BC223C}
		{441CAC83-BE84-34B5-85C5-F6A5249CCF34} = {441CAC83-BE84-34B5-85C5-F6A5249CCF34}
		{BFF47FF6-2A8D-3069-A593-B453AD6F3EE2} = {BFF47FF6-2A8D-3069-A593-B453AD6F3EE2}
		{CD2F84F1-DD10-39EE-8A9B-90D5CBAFEABC} = {CD2F84F1-DD10-39EE-8A9B-90D5CBAFEABC}
		{B891A175-A214-398B-88F4-C9FB3F6CF597} = {B891A175-A214-398B-88F4-C9FB3F6CF597}
		{53CBE8AA-F3BC-3E9E-8E07-0FAFAD3F7ED3} = {53CBE8AA-F3BC-3E9E-8E07-0FAFAD3F7ED3}
		{764D31C0-852F-3E09-93B9-8510160DFC6A} = {764D31C0-852F-3E09-93B9-8510160DFC6A}
		{78BBC448-EF68-37D0-9846-E8B930BC9FC1} = {78BBC448-EF68-37D0-9846-E8B930BC9FC1}
		{C7A35CA2-88A5-33E0-8297-8A1334A27324} = {C7A35CA2-88A5-33E0-8297-8A1334A27324}
	EndProjectSection
EndProject
Project("{8BC9CEB8-8B4A-11D0-8D11-00A0C91BC942}") = "PhysXCharacterKinematic", "PhysXCharacterKinematic.vcxproj", "{BD967B72-502E-3355-9B45-4160B081DE1E}"
	ProjectSection(ProjectDependencies) = postProject
		{CD2F84F1-DD10-39EE-8A9B-90D5CBAFEABC} = {CD2F84F1-DD10-39EE-8A9B-90D5CBAFEABC}
		{C7A35CA2-88A5-33E0-8297-8A1334A27324} = {C7A35CA2-88A5-33E0-8297-8A1334A27324}
	EndProjectSection
EndProject
Project("{8BC9CEB8-8B4A-11D0-8D11-00A0C91BC942}") = "PhysXCommon", "PhysXCommon.vcxproj", "{BFF47FF6-2A8D-3069-A593-B453AD6F3EE2}"
	ProjectSection(ProjectDependencies) = postProject
		{CD2F84F1-DD10-39EE-8A9B-90D5CBAFEABC} = {CD2F84F1-DD10-39EE-8A9B-90D5CBAFEABC}
		{C7A35CA2-88A5-33E0-8297-8A1334A27324} = {C7A35CA2-88A5-33E0-8297-8A1334A27324}
	EndProjectSection
EndProject
Project("{8BC9CEB8-8B4A-11D0-8D11-00A0C91BC942}") = "PhysXCooking", "PhysXCooking.vcxproj", "{922314D3-71F1-306A-8B47-568A9B83F5D3}"
	ProjectSection(ProjectDependencies) = postProject
		{BFF47FF6-2A8D-3069-A593-B453AD6F3EE2} = {BFF47FF6-2A8D-3069-A593-B453AD6F3EE2}
		{CD2F84F1-DD10-39EE-8A9B-90D5CBAFEABC} = {CD2F84F1-DD10-39EE-8A9B-90D5CBAFEABC}
		{C7A35CA2-88A5-33E0-8297-8A1334A27324} = {C7A35CA2-88A5-33E0-8297-8A1334A27324}
	EndProjectSection
EndProject
Project("{8BC9CEB8-8B4A-11D0-8D11-00A0C91BC942}") = "PhysXExtensions", "PhysXExtensions.vcxproj", "{1D20553F-4B4D-3713-8D02-CB5F6523CB65}"
	ProjectSection(ProjectDependencies) = postProject
		{6E797A42-76BB-30BE-AD9E-9196ED88DD4A} = {6E797A42-76BB-30BE-AD9E-9196ED88DD4A}
		{34964031-3A95-3399-ACBB-41CAE1389E90} = {34964031-3A95-3399-ACBB-41CAE1389E90}
		{BFF47FF6-2A8D-3069-A593-B453AD6F3EE2} = {BFF47FF6-2A8D-3069-A593-B453AD6F3EE2}
		{CD2F84F1-DD10-39EE-8A9B-90D5CBAFEABC} = {CD2F84F1-DD10-39EE-8A9B-90D5CBAFEABC}
		{B891A175-A214-398B-88F4-C9FB3F6CF597} = {B891A175-A214-398B-88F4-C9FB3F6CF597}
		{C7A35CA2-88A5-33E0-8297-8A1334A27324} = {C7A35CA2-88A5-33E0-8297-8A1334A27324}
	EndProjectSection
EndProject
Project("{8BC9CEB8-8B4A-11D0-8D11-00A0C91BC942}") = "PhysXFoundation", "PhysXFoundation.vcxproj", "{CD2F84F1-DD10-39EE-8A9B-90D5CBAFEABC}"
	ProjectSection(ProjectDependencies) = postProject
		{C7A35CA2-88A5-33E0-8297-8A1334A27324} = {C7A35CA2-88A5-33E0-8297-8A1334A27324}
	EndProjectSection
EndProject
Project("{8BC9CEB8-8B4A-11D0-8D11-00A0C91BC942}") = "PhysXPvdSDK", "PhysXPvdSDK.vcxproj", "{B891A175-A214-398B-88F4-C9FB3F6CF597}"
	ProjectSection(ProjectDependencies) = postProject
		{CD2F84F1-DD10-39EE-8A9B-90D5CBAFEABC} = {CD2F84F1-DD10-39EE-8A9B-90D5CBAFEABC}
		{C7A35CA2-88A5-33E0-8297-8A1334A27324} = {C7A35CA2-88A5-33E0-8297-8A1334A27324}
	EndProjectSection
EndProject
Project("{8BC9CEB8-8B4A-11D0-8D11-00A0C91BC942}") = "PhysXTask", "PhysXTask.vcxproj", "{53CBE8AA-F3BC-3E9E-8E07-0FAFAD3F7ED3}"
	ProjectSection(ProjectDependencies) = postProject
		{C7A35CA2-88A5-33E0-8297-8A1334A27324} = {C7A35CA2-88A5-33E0-8297-8A1334A27324}
	EndProjectSection
EndProject
Project("{8BC9CEB8-8B4A-11D0-8D11-00A0C91BC942}") = "PhysXVehicle", "PhysXVehicle.vcxproj", "{3A597A05-540E-3670-8EB3-1FB173831687}"
	ProjectSection(ProjectDependencies) = postProject
		{CD2F84F1-DD10-39EE-8A9B-90D5CBAFEABC} = {CD2F84F1-DD10-39EE-8A9B-90D5CBAFEABC}
		{B891A175-A214-398B-88F4-C9FB3F6CF597} = {B891A175-A214-398B-88F4-C9FB3F6CF597}
		{C7A35CA2-88A5-33E0-8297-8A1334A27324} = {C7A35CA2-88A5-33E0-8297-8A1334A27324}
	EndProjectSection
EndProject
Project("{8BC9CEB8-8B4A-11D0-8D11-00A0C91BC942}") = "SceneQuery", "SceneQuery.vcxproj", "{764D31C0-852F-3E09-93B9-8510160DFC6A}"
	ProjectSection(ProjectDependencies) = postProject
		{C7A35CA2-88A5-33E0-8297-8A1334A27324} = {C7A35CA2-88A5-33E0-8297-8A1334A27324}
	EndProjectSection
EndProject
Project("{8BC9CEB8-8B4A-11D0-8D11-00A0C91BC942}") = "SimulationController", "SimulationController.vcxproj", "{78BBC448-EF68-37D0-9846-E8B930BC9FC1}"
	ProjectSection(ProjectDependencies) = postProject
		{C7A35CA2-88A5-33E0-8297-8A1334A27324} = {C7A35CA2-88A5-33E0-8297-8A1334A27324}
	EndProjectSection
EndProject
Project("{8BC9CEB8-8B4A-11D0-8D11-00A0C91BC942}") = "ZERO_CHECK", "..\\ZERO_CHECK.vcxproj", "{C7A35CA2-88A5-33E0-8297-8A1334A27324}"
	ProjectSection(ProjectDependencies) = postProject
	EndProjectSection
EndProject
Global
	GlobalSection(SolutionConfigurationPlatforms) = preSolution
		debug|x64 = debug|x64
		checked|x64 = checked|x64
		profile|x64 = profile|x64
		release|x64 = release|x64
	EndGlobalSection
	GlobalSection(ProjectConfigurationPlatforms) = postSolution
		{485BD49F-CEC6-35F6-8E3D-94442E1B2038}.debug|x64.ActiveCfg = debug|x64
		{485BD49F-CEC6-35F6-8E3D-94442E1B2038}.debug|x64.Build.0 = debug|x64
		{485BD49F-CEC6-35F6-8E3D-94442E1B2038}.checked|x64.ActiveCfg = checked|x64
		{485BD49F-CEC6-35F6-8E3D-94442E1B2038}.checked|x64.Build.0 = checked|x64
		{485BD49F-CEC6-35F6-8E3D-94442E1B2038}.profile|x64.ActiveCfg = profile|x64
		{485BD49F-CEC6-35F6-8E3D-94442E1B2038}.profile|x64.Build.0 = profile|x64
		{485BD49F-CEC6-35F6-8E3D-94442E1B2038}.release|x64.ActiveCfg = release|x64
		{485BD49F-CEC6-35F6-8E3D-94442E1B2038}.release|x64.Build.0 = release|x64
		{6E797A42-76BB-30BE-AD9E-9196ED88DD4A}.debug|x64.ActiveCfg = debug|x64
		{6E797A42-76BB-30BE-AD9E-9196ED88DD4A}.debug|x64.Build.0 = debug|x64
		{6E797A42-76BB-30BE-AD9E-9196ED88DD4A}.checked|x64.ActiveCfg = checked|x64
		{6E797A42-76BB-30BE-AD9E-9196ED88DD4A}.checked|x64.Build.0 = checked|x64
		{6E797A42-76BB-30BE-AD9E-9196ED88DD4A}.profile|x64.ActiveCfg = profile|x64
		{6E797A42-76BB-30BE-AD9E-9196ED88DD4A}.profile|x64.Build.0 = profile|x64
		{6E797A42-76BB-30BE-AD9E-9196ED88DD4A}.release|x64.ActiveCfg = release|x64
		{6E797A42-76BB-30BE-AD9E-9196ED88DD4A}.release|x64.Build.0 = release|x64
		{6B7ACE54-8D8B-3002-9BD9-89F230638927}.debug|x64.ActiveCfg = debug|x64
		{6B7ACE54-8D8B-3002-9BD9-89F230638927}.checked|x64.ActiveCfg = checked|x64
		{6B7ACE54-8D8B-3002-9BD9-89F230638927}.profile|x64.ActiveCfg = profile|x64
		{6B7ACE54-8D8B-3002-9BD9-89F230638927}.release|x64.ActiveCfg = release|x64
		{323D7608-4A94-3FE1-A3F3-DC3CB97AABE5}.debug|x64.ActiveCfg = debug|x64
		{323D7608-4A94-3FE1-A3F3-DC3CB97AABE5}.debug|x64.Build.0 = debug|x64
		{323D7608-4A94-3FE1-A3F3-DC3CB97AABE5}.checked|x64.ActiveCfg = checked|x64
		{323D7608-4A94-3FE1-A3F3-DC3CB97AABE5}.checked|x64.Build.0 = checked|x64
		{323D7608-4A94-3FE1-A3F3-DC3CB97AABE5}.profile|x64.ActiveCfg = profile|x64
		{323D7608-4A94-3FE1-A3F3-DC3CB97AABE5}.profile|x64.Build.0 = profile|x64
		{323D7608-4A94-3FE1-A3F3-DC3CB97AABE5}.release|x64.ActiveCfg = release|x64
		{323D7608-4A94-3FE1-A3F3-DC3CB97AABE5}.release|x64.Build.0 = release|x64
		{7E68C840-4DE0-3768-B2D3-AA8181BC223C}.debug|x64.ActiveCfg = debug|x64
		{7E68C840-4DE0-3768-B2D3-AA8181BC223C}.debug|x64.Build.0 = debug|x64
		{7E68C840-4DE0-3768-B2D3-AA8181BC223C}.checked|x64.ActiveCfg = checked|x64
		{7E68C840-4DE0-3768-B2D3-AA8181BC223C}.checked|x64.Build.0 = checked|x64
		{7E68C840-4DE0-3768-B2D3-AA8181BC223C}.profile|x64.ActiveCfg = profile|x64
		{7E68C840-4DE0-3768-B2D3-AA8181BC223C}.profile|x64.Build.0 = profile|x64
		{7E68C840-4DE0-3768-B2D3-AA8181BC223C}.release|x64.ActiveCfg = release|x64
		{7E68C840-4DE0-3768-B2D3-AA8181BC223C}.release|x64.Build.0 = release|x64
		{441CAC83-BE84-34B5-85C5-F6A5249CCF34}.debug|x64.ActiveCfg = debug|x64
		{441CAC83-BE84-34B5-85C5-F6A5249CCF34}.debug|x64.Build.0 = debug|x64
		{441CAC83-BE84-34B5-85C5-F6A5249CCF34}.checked|x64.ActiveCfg = checked|x64
		{441CAC83-BE84-34B5-85C5-F6A5249CCF34}.checked|x64.Build.0 = checked|x64
		{441CAC83-BE84-34B5-85C5-F6A5249CCF34}.profile|x64.ActiveCfg = profile|x64
		{441CAC83-BE84-34B5-85C5-F6A5249CCF34}.profile|x64.Build.0 = profile|x64
		{441CAC83-BE84-34B5-85C5-F6A5249CCF34}.release|x64.ActiveCfg = release|x64
		{441CAC83-BE84-34B5-85C5-F6A5249CCF34}.release|x64.Build.0 = release|x64
		{34964031-3A95-3399-ACBB-41CAE1389E90}.debug|x64.ActiveCfg = debug|x64
		{34964031-3A95-3399-ACBB-41CAE1389E90}.debug|x64.Build.0 = debug|x64
		{34964031-3A95-3399-ACBB-41CAE1389E90}.checked|x64.ActiveCfg = checked|x64
		{34964031-3A95-3399-ACBB-41CAE1389E90}.checked|x64.Build.0 = checked|x64
		{34964031-3A95-3399-ACBB-41CAE1389E90}.profile|x64.ActiveCfg = profile|x64
		{34964031-3A95-3399-ACBB-41CAE1389E90}.profile|x64.Build.0 = profile|x64
		{34964031-3A95-3399-ACBB-41CAE1389E90}.release|x64.ActiveCfg = release|x64
		{34964031-3A95-3399-ACBB-41CAE1389E90}.release|x64.Build.0 = release|x64
		{BD967B72-502E-3355-9B45-4160B081DE1E}.debug|x64.ActiveCfg = debug|x64
		{BD967B72-502E-3355-9B45-4160B081DE1E}.debug|x64.Build.0 = debug|x64
		{BD967B72-502E-3355-9B45-4160B081DE1E}.checked|x64.ActiveCfg = checked|x64
		{BD967B72-502E-3355-9B45-4160B081DE1E}.checked|x64.Build.0 = checked|x64
		{BD967B72-502E-3355-9B45-4160B081DE1E}.profile|x64.ActiveCfg = profile|x64
		{BD967B72-502E-3355-9B45-4160B081DE1E}.profile|x64.Build.0 = profile|x64
		{BD967B72-502E-3355-9B45-4160B081DE1E}.release|x64.ActiveCfg = release|x64
		{BD967B72-502E-3355-9B45-4160B081DE1E}.release|x64.Build.0 = release|x64
		{BFF47FF6-2A8D-3069-A593-B453AD6F3EE2}.debug|x64.ActiveCfg = debug|x64
		{BFF47FF6-2A8D-3069-A593-B453AD6F3EE2}.debug|x64.Build.0 = debug|x64
		{BFF47FF6-2A8D-3069-A593-B453AD6F3EE2}.checked|x64.ActiveCfg = checked|x64
		{BFF47FF6-2A8D-3069-A593-B453AD6F3EE2}.checked|x64.Build.0 = checked|x64
		{BFF47FF6-2A8D-3069-A593-B453AD6F3EE2}.profile|x64.ActiveCfg = profile|x64
		{BFF47FF6-2A8D-3069-A593-B453AD6F3EE2}.profile|x64.Build.0 = profile|x64
		{BFF47FF6-2A8D-3069-A593-B453AD6F3EE2}.release|x64.ActiveCfg = release|x64
		{BFF47FF6-2A8D-3069-A593-B453AD6F3EE2}.release|x64.Build.0 = release|x64
		{922314D3-71F1-306A-8B47-568A9B83F5D3}.debug|x64.ActiveCfg = debug|x64
		{922314D3-71F1-306A-8B47-568A9B83F5D3}.debug|x64.Build.0 = debug|x64
		{922314D3-71F1-306A-8B47-568A9B83F5D3}.checked|x64.ActiveCfg = checked|x64
		{922314D3-71F1-306A-8B47-568A9B83F5D3}.checked|x64.Build.0 = checked|x64
		{922314D3-71F1-306A-8B47-568A9B83F5D3}.profile|x64.ActiveCfg = profile|x64
		{922314D3-71F1-306A-8B47-568A9B83F5D3}.profile|x64.Build.0 = profile|x64
		{922314D3-71F1-306A-8B47-568A9B83F5D3}.release|x64.ActiveCfg = release|x64
		{922314D3-71F1-306A-8B47-568A9B83F5D3}.release|x64.Build.0 = release|x64
		{1D20553F-4B4D-3713-8D02-CB5F6523CB65}.debug|x64.ActiveCfg = debug|x64
		{1D20553F-4B4D-3713-8D02-CB5F6523CB65}.debug|x64.Build.0 = debug|x64
		{1D20553F-4B4D-3713-8D02-CB5F6523CB65}.checked|x64.ActiveCfg = checked|x64
		{1D20553F-4B4D-3713-8D02-CB5F6523CB65}.checked|x64.Build.0 = checked|x64
		{1D20553F-4B4D-3713-8D02-CB5F6523CB65}.profile|x64.ActiveCfg = profile|x64
		{1D20553F-4B4D-3713-8D02-CB5F6523CB65}.profile|x64.Build.0 = profile|x64
		{1D20553F-4B4D-3713-8D02-CB5F6523CB65}.release|x64.ActiveCfg = release|x64
		{1D20553F-4B4D-3713-8D02-CB5F6523CB65}.release|x64.Build.0 = release|x64
		{CD2F84F1-DD10-39EE-8A9B-90D5CBAFEABC}.debug|x64.ActiveCfg = debug|x64
		{CD2F84F1-DD10-39EE-8A9B-90D5CBAFEABC}.debug|x64.Build.0 = debug|x64
		{CD2F84F1-DD10-39EE-8A9B-90D5CBAFEABC}.checked|x64.ActiveCfg = checked|x64
		{CD2F84F1-DD10-39EE-8A9B-90D5CBAFEABC}.checked|x64.Build.0 = checked|x64
		{CD2F84F1-DD10-39EE-8A9B-90D5CBAFEABC}.profile|x64.ActiveCfg = profile|x64
		{CD2F84F1-DD10-39EE-8A9B-90D5CBAFEABC}.profile|x64.Build.0 = profile|x64
		{CD2F84F1-DD10-39EE-8A9B-90D5CBAFEABC}.release|x64.ActiveCfg = release|x64
		{CD2F84F1-DD10-39EE-8A9B-90D5CBAFEABC}.release|x64.Build.0 = release|x64
		{B891A175-A214-398B-88F4-C9FB3F6CF597}.debug|x64.ActiveCfg = debug|x64
		{B891A175-A214-398B-88F4-C9FB3F6CF597}.debug|x64.Build.0 = debug|x64
		{B891A175-A214-398B-88F4-C9FB3F6CF597}.checked|x64.ActiveCfg = checked|x64
		{B891A175-A214-398B-88F4-C9FB3F6CF597}.checked|x64.Build.0 = checked|x64
		{B891A175-A214-398B-88F4-C9FB3F6CF597}.profile|x64.ActiveCfg = profile|x64
		{B891A175-A214-398B-88F4-C9FB3F6CF597}.profile|x64.Build.0 = profile|x64
		{B891A175-A214-398B-88F4-C9FB3F6CF597}.release|x64.ActiveCfg = release|x64
		{B891A175-A214-398B-88F4-C9FB3F6CF597}.release|x64.Build.0 = release|x64
		{53CBE8AA-F3BC-3E9E-8E07-0FAFAD3F7ED3}.debug|x64.ActiveCfg = debug|x64
		{53CBE8AA-F3BC-3E9E-8E07-0FAFAD3F7ED3}.debug|x64.Build.0 = debug|x64
		{53CBE8AA-F3BC-3E9E-8E07-0FAFAD3F7ED3}.checked|x64.ActiveCfg = checked|x64
		{53CBE8AA-F3BC-3E9E-8E07-0FAFAD3F7ED3}.checked|x64.Build.0 = checked|x64
		{53CBE8AA-F3BC-3E9E-8E07-0FAFAD3F7ED3}.profile|x64.ActiveCfg = profile|x64
		{53CBE8AA-F3BC-3E9E-8E07-0FAFAD3F7ED3}.profile|x64.Build.0 = profile|x64
		{53CBE8AA-F3BC-3E9E-8E07-0FAFAD3F7ED3}.release|x64.ActiveCfg = release|x64
		{53CBE8AA-F3BC-3E9E-8E07-0FAFAD3F7ED3}.release|x64.Build.0 = release|x64
		{3A597A05-540E-3670-8EB3-1FB173831687}.debug|x64.ActiveCfg = debug|x64
		{3A597A05-540E-3670-8EB3-1FB173831687}.debug|x64.Build.0 = debug|x64
		{3A597A05-540E-3670-8EB3-1FB173831687}.checked|x64.ActiveCfg = checked|x64
		{3A597A05-540E-3670-8EB3-1FB173831687}.checked|x64.Build.0 = checked|x64
		{3A597A05-540E-3670-8EB3-1FB173831687}.profile|x64.ActiveCfg = profile|x64
		{3A597A05-540E-3670-8EB3-1FB173831687}.profile|x64.Build.0 = profile|x64
		{3A597A05-540E-3670-8EB3-1FB173831687}.release|x64.ActiveCfg = release|x64
		{3A597A05-540E-3670-8EB3-1FB173831687}.release|x64.Build.0 = release|x64
		{764D31C0-852F-3E09-93B9-8510160DFC6A}.debug|x64.ActiveCfg = debug|x64
		{764D31C0-852F-3E09-93B9-8510160DFC6A}.debug|x64.Build.0 = debug|x64
		{764D31C0-852F-3E09-93B9-8510160DFC6A}.checked|x64.ActiveCfg = checked|x64
		{764D31C0-852F-3E09-93B9-8510160DFC6A}.checked|x64.Build.0 = checked|x64
		{764D31C0-852F-3E09-93B9-8510160DFC6A}.profile|x64.ActiveCfg = profile|x64
		{764D31C0-852F-3E09-93B9-8510160DFC6A}.profile|x64.Build.0 = profile|x64
		{764D31C0-852F-3E09-93B9-8510160DFC6A}.release|x64.ActiveCfg = release|x64
		{764D31C0-852F-3E09-93B9-8510160DFC6A}.release|x64.Build.0 = release|x64
		{78BBC448-EF68-37D0-9846-E8B930BC9FC1}.debug|x64.ActiveCfg = debug|x64
		{78BBC448-EF68-37D0-9846-E8B930BC9FC1}.debug|x64.Build.0 = debug|x64
		{78BBC448-EF68-37D0-9846-E8B930BC9FC1}.checked|x64.ActiveCfg = checked|x64
		{78BBC448-EF68-37D0-9846-E8B930BC9FC1}.checked|x64.Build.0 = checked|x64
		{78BBC448-EF68-37D0-9846-E8B930BC9FC1}.profile|x64.ActiveCfg = profile|x64
		{78BBC448-EF68-37D0-9846-E8B930BC9FC1}.profile|x64.Build.0 = profile|x64
		{78BBC448-EF68-37D0-9846-E8B930BC9FC1}.release|x64.ActiveCfg = release|x64
		{78BBC448-EF68-37D0-9846-E8B930BC9FC1}.release|x64.Build.0 = release|x64
		{C7A35CA2-88A5-33E0-8297-8A1334A27324}.debug|x64.ActiveCfg = debug|x64
		{C7A35CA2-88A5-33E0-8297-8A1334A27324}.debug|x64.Build.0 = debug|x64
		{C7A35CA2-88A5-33E0-8297-8A1334A27324}.checked|x64.ActiveCfg = checked|x64
		{C7A35CA2-88A5-33E0-8297-8A1334A27324}.checked|x64.Build.0 = checked|x64
		{C7A35CA2-88A5-33E0-8297-8A1334A27324}.profile|x64.ActiveCfg = profile|x64
		{C7A35CA2-88A5-33E0-8297-8A1334A27324}.profile|x64.Build.0 = profile|x64
		{C7A35CA2-88A5-33E0-8297-8A1334A27324}.release|x64.ActiveCfg = release|x64
		{C7A35CA2-88A5-33E0-8297-8A1334A27324}.release|x64.Build.0 = release|x64
	EndGlobalSection
	GlobalSection(NestedProjects) = preSolution
		{485BD49F-CEC6-35F6-8E3D-94442E1B2038} = {B6B0B987-46FE-3C20-80B4-A5E39DE41957}
		{6B7ACE54-8D8B-3002-9BD9-89F230638927} = {B6B0B987-46FE-3C20-80B4-A5E39DE41957}
		{C7A35CA2-88A5-33E0-8297-8A1334A27324} = {B6B0B987-46FE-3C20-80B4-A5E39DE41957}
		{6E797A42-76BB-30BE-AD9E-9196ED88DD4A} = {D6F80D7C-F320-3738-9D3D-7728A60A8D10}
		{323D7608-4A94-3FE1-A3F3-DC3CB97AABE5} = {D6F80D7C-F320-3738-9D3D-7728A60A8D10}
		{7E68C840-4DE0-3768-B2D3-AA8181BC223C} = {D6F80D7C-F320-3738-9D3D-7728A60A8D10}
		{441CAC83-BE84-34B5-85C5-F6A5249CCF34} = {D6F80D7C-F320-3738-9D3D-7728A60A8D10}
		{34964031-3A95-3399-ACBB-41CAE1389E90} = {D6F80D7C-F320-3738-9D3D-7728A60A8D10}
		{BD967B72-502E-3355-9B45-4160B081DE1E} = {D6F80D7C-F320-3738-9D3D-7728A60A8D10}
		{BFF47FF6-2A8D-3069-A593-B453AD6F3EE2} = {D6F80D7C-F320-3738-9D3D-7728A60A8D10}
		{922314D3-71F1-306A-8B47-568A9B83F5D3} = {D6F80D7C-F320-3738-9D3D-7728A60A8D10}
		{1D20553F-4B4D-3713-8D02-CB5F6523CB65} = {D6F80D7C-F320-3738-9D3D-7728A60A8D10}
		{CD2F84F1-DD10-39EE-8A9B-90D5CBAFEABC} = {D6F80D7C-F320-3738-9D3D-7728A60A8D10}
		{B891A175-A214-398B-88F4-C9FB3F6CF597} = {D6F80D7C-F320-3738-9D3D-7728A60A8D10}
		{53CBE8AA-F3BC-3E9E-8E07-0FAFAD3F7ED3} = {D6F80D7C-F320-3738-9D3D-7728A60A8D10}
		{3A597A05-540E-3670-8EB3-1FB173831687} = {D6F80D7C-F320-3738-9D3D-7728A60A8D10}
		{764D31C0-852F-3E09-93B9-8510160DFC6A} = {D6F80D7C-F320-3738-9D3D-7728A60A8D10}
		{78BBC448-EF68-37D0-9846-E8B930BC9FC1} = {D6F80D7C-F320-3738-9D3D-7728A60A8D10}
	EndGlobalSection
	GlobalSection(ExtensibilityGlobals) = postSolution
		SolutionGuid = {8AF1A502-462E-3535-954A-1C5D8EBE7A02}
	EndGlobalSection
	GlobalSection(ExtensibilityAddIns) = postSolution
	EndGlobalSection
EndGlobal
