
Microsoft Visual Studio Solution File, Format Version 12.00
# Visual Studio Version 16
Project("{2150E333-8FDC-42A3-9474-1A3956D46DE8}") = "CMakePredefinedTargets", "CMakePredefinedTargets", "{07542174-2B04-33EB-85C3-1AD67D9F32EE}"
EndProject
Project("{2150E333-8FDC-42A3-9474-1A3956D46DE8}") = "PhysX SDK", "PhysX SDK", "{5F5345E0-0846-3E8E-8AC9-36604D2BB2F5}"
EndProject
Project("{8BC9CEB8-8B4A-11D0-8D11-00A0C91BC942}") = "ALL_BUILD", "ALL_BUILD.vcxproj", "{2002264D-1153-3B89-B979-FB091019CC33}"
	ProjectSection(ProjectDependencies) = postProject
		{8F3A1D61-AAEB-3515-B90D-EDA7F660B750} = {8F3A1D61-AAEB-3515-B90D-EDA7F660B750}
		{E2FE1127-6EA5-32AD-BA52-16A42C053B25} = {E2FE1127-6EA5-32AD-BA52-16A42C053B25}
		{D086E37C-D1A7-3907-BD06-D28A92525236} = {D086E37C-D1A7-3907-BD06-D28A92525236}
		{3046609A-57A4-3DB1-8F46-0C62D833A0C5} = {3046609A-57A4-3DB1-8F46-0C62D833A0C5}
		{3C977EE3-4C30-351C-BB13-073E8A5A4A5B} = {3C977EE3-4C30-351C-BB13-073E8A5A4A5B}
		{FEDE32E2-17A2-39AE-940B-C0615B531BF7} = {FEDE32E2-17A2-39AE-940B-C0615B531BF7}
		{CADA05B8-2B14-31E3-B5DA-3DB37E7E7954} = {CADA05B8-2B14-31E3-B5DA-3DB37E7E7954}
		{07BAE10A-0704-37C3-ADEF-4372BF957F0C} = {07BAE10A-0704-37C3-ADEF-4372BF957F0C}
		{7AD7E6C8-9895-3E5D-ABCF-01EF8F7D48C6} = {7AD7E6C8-9895-3E5D-ABCF-01EF8F7D48C6}
		{6C44F1FE-BCAB-30A2-BB3D-23A60747390F} = {6C44F1FE-BCAB-30A2-BB3D-23A60747390F}
		{04041E89-F013-381E-8132-C01272465989} = {04041E89-F013-381E-8132-C01272465989}
		{C00DD270-D50A-3C6F-9A94-0D1B7C6FF2E1} = {C00DD270-D50A-3C6F-9A94-0D1B7C6FF2E1}
		{731C4076-381B-3FDD-87E1-21ADA6381850} = {731C4076-381B-3FDD-87E1-21ADA6381850}
		{8530D03C-EA74-39D9-B8CB-0B050C5E35EF} = {8530D03C-EA74-39D9-B8CB-0B050C5E35EF}
		{F1046B18-36EB-346A-8A1D-ACD333122D96} = {F1046B18-36EB-346A-8A1D-ACD333122D96}
		{9DAC0490-B9DA-3722-BBF9-ADD1940BB646} = {9DAC0490-B9DA-3722-BBF9-ADD1940BB646}
	EndProjectSection
EndProject
Project("{8BC9CEB8-8B4A-11D0-8D11-00A0C91BC942}") = "FastXml", "FastXml.vcxproj", "{8F3A1D61-AAEB-3515-B90D-EDA7F660B750}"
	ProjectSection(ProjectDependencies) = postProject
		{9DAC0490-B9DA-3722-BBF9-ADD1940BB646} = {9DAC0490-B9DA-3722-BBF9-ADD1940BB646}
	EndProjectSection
EndProject
Project("{8BC9CEB8-8B4A-11D0-8D11-00A0C91BC942}") = "INSTALL", "INSTALL.vcxproj", "{7D868F73-7944-3916-A3D1-4B2FB98881E5}"
	ProjectSection(ProjectDependencies) = postProject
		{2002264D-1153-3B89-B979-FB091019CC33} = {2002264D-1153-3B89-B979-FB091019CC33}
		{9DAC0490-B9DA-3722-BBF9-ADD1940BB646} = {9DAC0490-B9DA-3722-BBF9-ADD1940BB646}
	EndProjectSection
EndProject
Project("{8BC9CEB8-8B4A-11D0-8D11-00A0C91BC942}") = "LowLevel", "LowLevel.vcxproj", "{E2FE1127-6EA5-32AD-BA52-16A42C053B25}"
	ProjectSection(ProjectDependencies) = postProject
		{9DAC0490-B9DA-3722-BBF9-ADD1940BB646} = {9DAC0490-B9DA-3722-BBF9-ADD1940BB646}
	EndProjectSection
EndProject
Project("{8BC9CEB8-8B4A-11D0-8D11-00A0C91BC942}") = "LowLevelAABB", "LowLevelAABB.vcxproj", "{D086E37C-D1A7-3907-BD06-D28A92525236}"
	ProjectSection(ProjectDependencies) = postProject
		{9DAC0490-B9DA-3722-BBF9-ADD1940BB646} = {9DAC0490-B9DA-3722-BBF9-ADD1940BB646}
	EndProjectSection
EndProject
Project("{8BC9CEB8-8B4A-11D0-8D11-00A0C91BC942}") = "LowLevelDynamics", "LowLevelDynamics.vcxproj", "{3046609A-57A4-3DB1-8F46-0C62D833A0C5}"
	ProjectSection(ProjectDependencies) = postProject
		{9DAC0490-B9DA-3722-BBF9-ADD1940BB646} = {9DAC0490-B9DA-3722-BBF9-ADD1940BB646}
	EndProjectSection
EndProject
Project("{8BC9CEB8-8B4A-11D0-8D11-00A0C91BC942}") = "PhysX", "PhysX.vcxproj", "{3C977EE3-4C30-351C-BB13-073E8A5A4A5B}"
	ProjectSection(ProjectDependencies) = postProject
		{E2FE1127-6EA5-32AD-BA52-16A42C053B25} = {E2FE1127-6EA5-32AD-BA52-16A42C053B25}
		{D086E37C-D1A7-3907-BD06-D28A92525236} = {D086E37C-D1A7-3907-BD06-D28A92525236}
		{3046609A-57A4-3DB1-8F46-0C62D833A0C5} = {3046609A-57A4-3DB1-8F46-0C62D833A0C5}
		{CADA05B8-2B14-31E3-B5DA-3DB37E7E7954} = {CADA05B8-2B14-31E3-B5DA-3DB37E7E7954}
		{6C44F1FE-BCAB-30A2-BB3D-23A60747390F} = {6C44F1FE-BCAB-30A2-BB3D-23A60747390F}
		{04041E89-F013-381E-8132-C01272465989} = {04041E89-F013-381E-8132-C01272465989}
		{C00DD270-D50A-3C6F-9A94-0D1B7C6FF2E1} = {C00DD270-D50A-3C6F-9A94-0D1B7C6FF2E1}
		{8530D03C-EA74-39D9-B8CB-0B050C5E35EF} = {8530D03C-EA74-39D9-B8CB-0B050C5E35EF}
		{F1046B18-36EB-346A-8A1D-ACD333122D96} = {F1046B18-36EB-346A-8A1D-ACD333122D96}
		{9DAC0490-B9DA-3722-BBF9-ADD1940BB646} = {9DAC0490-B9DA-3722-BBF9-ADD1940BB646}
	EndProjectSection
EndProject
Project("{8BC9CEB8-8B4A-11D0-8D11-00A0C91BC942}") = "PhysXCharacterKinematic", "PhysXCharacterKinematic.vcxproj", "{FEDE32E2-17A2-39AE-940B-C0615B531BF7}"
	ProjectSection(ProjectDependencies) = postProject
		{6C44F1FE-BCAB-30A2-BB3D-23A60747390F} = {6C44F1FE-BCAB-30A2-BB3D-23A60747390F}
		{9DAC0490-B9DA-3722-BBF9-ADD1940BB646} = {9DAC0490-B9DA-3722-BBF9-ADD1940BB646}
	EndProjectSection
EndProject
Project("{8BC9CEB8-8B4A-11D0-8D11-00A0C91BC942}") = "PhysXCommon", "PhysXCommon.vcxproj", "{CADA05B8-2B14-31E3-B5DA-3DB37E7E7954}"
	ProjectSection(ProjectDependencies) = postProject
		{6C44F1FE-BCAB-30A2-BB3D-23A60747390F} = {6C44F1FE-BCAB-30A2-BB3D-23A60747390F}
		{9DAC0490-B9DA-3722-BBF9-ADD1940BB646} = {9DAC0490-B9DA-3722-BBF9-ADD1940BB646}
	EndProjectSection
EndProject
Project("{8BC9CEB8-8B4A-11D0-8D11-00A0C91BC942}") = "PhysXCooking", "PhysXCooking.vcxproj", "{07BAE10A-0704-37C3-ADEF-4372BF957F0C}"
	ProjectSection(ProjectDependencies) = postProject
		{CADA05B8-2B14-31E3-B5DA-3DB37E7E7954} = {CADA05B8-2B14-31E3-B5DA-3DB37E7E7954}
		{6C44F1FE-BCAB-30A2-BB3D-23A60747390F} = {6C44F1FE-BCAB-30A2-BB3D-23A60747390F}
		{9DAC0490-B9DA-3722-BBF9-ADD1940BB646} = {9DAC0490-B9DA-3722-BBF9-ADD1940BB646}
	EndProjectSection
EndProject
Project("{8BC9CEB8-8B4A-11D0-8D11-00A0C91BC942}") = "PhysXExtensions", "PhysXExtensions.vcxproj", "{7AD7E6C8-9895-3E5D-ABCF-01EF8F7D48C6}"
	ProjectSection(ProjectDependencies) = postProject
		{8F3A1D61-AAEB-3515-B90D-EDA7F660B750} = {8F3A1D61-AAEB-3515-B90D-EDA7F660B750}
		{3C977EE3-4C30-351C-BB13-073E8A5A4A5B} = {3C977EE3-4C30-351C-BB13-073E8A5A4A5B}
		{CADA05B8-2B14-31E3-B5DA-3DB37E7E7954} = {CADA05B8-2B14-31E3-B5DA-3DB37E7E7954}
		{6C44F1FE-BCAB-30A2-BB3D-23A60747390F} = {6C44F1FE-BCAB-30A2-BB3D-23A60747390F}
		{04041E89-F013-381E-8132-C01272465989} = {04041E89-F013-381E-8132-C01272465989}
		{9DAC0490-B9DA-3722-BBF9-ADD1940BB646} = {9DAC0490-B9DA-3722-BBF9-ADD1940BB646}
	EndProjectSection
EndProject
Project("{8BC9CEB8-8B4A-11D0-8D11-00A0C91BC942}") = "PhysXFoundation", "PhysXFoundation.vcxproj", "{6C44F1FE-BCAB-30A2-BB3D-23A60747390F}"
	ProjectSection(ProjectDependencies) = postProject
		{9DAC0490-B9DA-3722-BBF9-ADD1940BB646} = {9DAC0490-B9DA-3722-BBF9-ADD1940BB646}
	EndProjectSection
EndProject
Project("{8BC9CEB8-8B4A-11D0-8D11-00A0C91BC942}") = "PhysXPvdSDK", "PhysXPvdSDK.vcxproj", "{04041E89-F013-381E-8132-C01272465989}"
	ProjectSection(ProjectDependencies) = postProject
		{6C44F1FE-BCAB-30A2-BB3D-23A60747390F} = {6C44F1FE-BCAB-30A2-BB3D-23A60747390F}
		{9DAC0490-B9DA-3722-BBF9-ADD1940BB646} = {9DAC0490-B9DA-3722-BBF9-ADD1940BB646}
	EndProjectSection
EndProject
Project("{8BC9CEB8-8B4A-11D0-8D11-00A0C91BC942}") = "PhysXTask", "PhysXTask.vcxproj", "{C00DD270-D50A-3C6F-9A94-0D1B7C6FF2E1}"
	ProjectSection(ProjectDependencies) = postProject
		{9DAC0490-B9DA-3722-BBF9-ADD1940BB646} = {9DAC0490-B9DA-3722-BBF9-ADD1940BB646}
	EndProjectSection
EndProject
Project("{8BC9CEB8-8B4A-11D0-8D11-00A0C91BC942}") = "PhysXVehicle", "PhysXVehicle.vcxproj", "{731C4076-381B-3FDD-87E1-21ADA6381850}"
	ProjectSection(ProjectDependencies) = postProject
		{6C44F1FE-BCAB-30A2-BB3D-23A60747390F} = {6C44F1FE-BCAB-30A2-BB3D-23A60747390F}
		{04041E89-F013-381E-8132-C01272465989} = {04041E89-F013-381E-8132-C01272465989}
		{9DAC0490-B9DA-3722-BBF9-ADD1940BB646} = {9DAC0490-B9DA-3722-BBF9-ADD1940BB646}
	EndProjectSection
EndProject
Project("{8BC9CEB8-8B4A-11D0-8D11-00A0C91BC942}") = "SceneQuery", "SceneQuery.vcxproj", "{8530D03C-EA74-39D9-B8CB-0B050C5E35EF}"
	ProjectSection(ProjectDependencies) = postProject
		{9DAC0490-B9DA-3722-BBF9-ADD1940BB646} = {9DAC0490-B9DA-3722-BBF9-ADD1940BB646}
	EndProjectSection
EndProject
Project("{8BC9CEB8-8B4A-11D0-8D11-00A0C91BC942}") = "SimulationController", "SimulationController.vcxproj", "{F1046B18-36EB-346A-8A1D-ACD333122D96}"
	ProjectSection(ProjectDependencies) = postProject
		{9DAC0490-B9DA-3722-BBF9-ADD1940BB646} = {9DAC0490-B9DA-3722-BBF9-ADD1940BB646}
	EndProjectSection
EndProject
Project("{8BC9CEB8-8B4A-11D0-8D11-00A0C91BC942}") = "ZERO_CHECK", "..\\ZERO_CHECK.vcxproj", "{9DAC0490-B9DA-3722-BBF9-ADD1940BB646}"
	ProjectSection(ProjectDependencies) = postProject
	EndProjectSection
EndProject
Global
	GlobalSection(SolutionConfigurationPlatforms) = preSolution
		debug|x64 = debug|x64
		checked|x64 = checked|x64
		profile|x64 = profile|x64
		release|x64 = release|x64
	EndGlobalSection
	GlobalSection(ProjectConfigurationPlatforms) = postSolution
		{2002264D-1153-3B89-B979-FB091019CC33}.debug|x64.ActiveCfg = debug|x64
		{2002264D-1153-3B89-B979-FB091019CC33}.debug|x64.Build.0 = debug|x64
		{2002264D-1153-3B89-B979-FB091019CC33}.checked|x64.ActiveCfg = checked|x64
		{2002264D-1153-3B89-B979-FB091019CC33}.checked|x64.Build.0 = checked|x64
		{2002264D-1153-3B89-B979-FB091019CC33}.profile|x64.ActiveCfg = profile|x64
		{2002264D-1153-3B89-B979-FB091019CC33}.profile|x64.Build.0 = profile|x64
		{2002264D-1153-3B89-B979-FB091019CC33}.release|x64.ActiveCfg = release|x64
		{2002264D-1153-3B89-B979-FB091019CC33}.release|x64.Build.0 = release|x64
		{8F3A1D61-AAEB-3515-B90D-EDA7F660B750}.debug|x64.ActiveCfg = debug|x64
		{8F3A1D61-AAEB-3515-B90D-EDA7F660B750}.debug|x64.Build.0 = debug|x64
		{8F3A1D61-AAEB-3515-B90D-EDA7F660B750}.checked|x64.ActiveCfg = checked|x64
		{8F3A1D61-AAEB-3515-B90D-EDA7F660B750}.checked|x64.Build.0 = checked|x64
		{8F3A1D61-AAEB-3515-B90D-EDA7F660B750}.profile|x64.ActiveCfg = profile|x64
		{8F3A1D61-AAEB-3515-B90D-EDA7F660B750}.profile|x64.Build.0 = profile|x64
		{8F3A1D61-AAEB-3515-B90D-EDA7F660B750}.release|x64.ActiveCfg = release|x64
		{8F3A1D61-AAEB-3515-B90D-EDA7F660B750}.release|x64.Build.0 = release|x64
		{7D868F73-7944-3916-A3D1-4B2FB98881E5}.debug|x64.ActiveCfg = debug|x64
		{7D868F73-7944-3916-A3D1-4B2FB98881E5}.checked|x64.ActiveCfg = checked|x64
		{7D868F73-7944-3916-A3D1-4B2FB98881E5}.profile|x64.ActiveCfg = profile|x64
		{7D868F73-7944-3916-A3D1-4B2FB98881E5}.release|x64.ActiveCfg = release|x64
		{E2FE1127-6EA5-32AD-BA52-16A42C053B25}.debug|x64.ActiveCfg = debug|x64
		{E2FE1127-6EA5-32AD-BA52-16A42C053B25}.debug|x64.Build.0 = debug|x64
		{E2FE1127-6EA5-32AD-BA52-16A42C053B25}.checked|x64.ActiveCfg = checked|x64
		{E2FE1127-6EA5-32AD-BA52-16A42C053B25}.checked|x64.Build.0 = checked|x64
		{E2FE1127-6EA5-32AD-BA52-16A42C053B25}.profile|x64.ActiveCfg = profile|x64
		{E2FE1127-6EA5-32AD-BA52-16A42C053B25}.profile|x64.Build.0 = profile|x64
		{E2FE1127-6EA5-32AD-BA52-16A42C053B25}.release|x64.ActiveCfg = release|x64
		{E2FE1127-6EA5-32AD-BA52-16A42C053B25}.release|x64.Build.0 = release|x64
		{D086E37C-D1A7-3907-BD06-D28A92525236}.debug|x64.ActiveCfg = debug|x64
		{D086E37C-D1A7-3907-BD06-D28A92525236}.debug|x64.Build.0 = debug|x64
		{D086E37C-D1A7-3907-BD06-D28A92525236}.checked|x64.ActiveCfg = checked|x64
		{D086E37C-D1A7-3907-BD06-D28A92525236}.checked|x64.Build.0 = checked|x64
		{D086E37C-D1A7-3907-BD06-D28A92525236}.profile|x64.ActiveCfg = profile|x64
		{D086E37C-D1A7-3907-BD06-D28A92525236}.profile|x64.Build.0 = profile|x64
		{D086E37C-D1A7-3907-BD06-D28A92525236}.release|x64.ActiveCfg = release|x64
		{D086E37C-D1A7-3907-BD06-D28A92525236}.release|x64.Build.0 = release|x64
		{3046609A-57A4-3DB1-8F46-0C62D833A0C5}.debug|x64.ActiveCfg = debug|x64
		{3046609A-57A4-3DB1-8F46-0C62D833A0C5}.debug|x64.Build.0 = debug|x64
		{3046609A-57A4-3DB1-8F46-0C62D833A0C5}.checked|x64.ActiveCfg = checked|x64
		{3046609A-57A4-3DB1-8F46-0C62D833A0C5}.checked|x64.Build.0 = checked|x64
		{3046609A-57A4-3DB1-8F46-0C62D833A0C5}.profile|x64.ActiveCfg = profile|x64
		{3046609A-57A4-3DB1-8F46-0C62D833A0C5}.profile|x64.Build.0 = profile|x64
		{3046609A-57A4-3DB1-8F46-0C62D833A0C5}.release|x64.ActiveCfg = release|x64
		{3046609A-57A4-3DB1-8F46-0C62D833A0C5}.release|x64.Build.0 = release|x64
		{3C977EE3-4C30-351C-BB13-073E8A5A4A5B}.debug|x64.ActiveCfg = debug|x64
		{3C977EE3-4C30-351C-BB13-073E8A5A4A5B}.debug|x64.Build.0 = debug|x64
		{3C977EE3-4C30-351C-BB13-073E8A5A4A5B}.checked|x64.ActiveCfg = checked|x64
		{3C977EE3-4C30-351C-BB13-073E8A5A4A5B}.checked|x64.Build.0 = checked|x64
		{3C977EE3-4C30-351C-BB13-073E8A5A4A5B}.profile|x64.ActiveCfg = profile|x64
		{3C977EE3-4C30-351C-BB13-073E8A5A4A5B}.profile|x64.Build.0 = profile|x64
		{3C977EE3-4C30-351C-BB13-073E8A5A4A5B}.release|x64.ActiveCfg = release|x64
		{3C977EE3-4C30-351C-BB13-073E8A5A4A5B}.release|x64.Build.0 = release|x64
		{FEDE32E2-17A2-39AE-940B-C0615B531BF7}.debug|x64.ActiveCfg = debug|x64
		{FEDE32E2-17A2-39AE-940B-C0615B531BF7}.debug|x64.Build.0 = debug|x64
		{FEDE32E2-17A2-39AE-940B-C0615B531BF7}.checked|x64.ActiveCfg = checked|x64
		{FEDE32E2-17A2-39AE-940B-C0615B531BF7}.checked|x64.Build.0 = checked|x64
		{FEDE32E2-17A2-39AE-940B-C0615B531BF7}.profile|x64.ActiveCfg = profile|x64
		{FEDE32E2-17A2-39AE-940B-C0615B531BF7}.profile|x64.Build.0 = profile|x64
		{FEDE32E2-17A2-39AE-940B-C0615B531BF7}.release|x64.ActiveCfg = release|x64
		{FEDE32E2-17A2-39AE-940B-C0615B531BF7}.release|x64.Build.0 = release|x64
		{CADA05B8-2B14-31E3-B5DA-3DB37E7E7954}.debug|x64.ActiveCfg = debug|x64
		{CADA05B8-2B14-31E3-B5DA-3DB37E7E7954}.debug|x64.Build.0 = debug|x64
		{CADA05B8-2B14-31E3-B5DA-3DB37E7E7954}.checked|x64.ActiveCfg = checked|x64
		{CADA05B8-2B14-31E3-B5DA-3DB37E7E7954}.checked|x64.Build.0 = checked|x64
		{CADA05B8-2B14-31E3-B5DA-3DB37E7E7954}.profile|x64.ActiveCfg = profile|x64
		{CADA05B8-2B14-31E3-B5DA-3DB37E7E7954}.profile|x64.Build.0 = profile|x64
		{CADA05B8-2B14-31E3-B5DA-3DB37E7E7954}.release|x64.ActiveCfg = release|x64
		{CADA05B8-2B14-31E3-B5DA-3DB37E7E7954}.release|x64.Build.0 = release|x64
		{07BAE10A-0704-37C3-ADEF-4372BF957F0C}.debug|x64.ActiveCfg = debug|x64
		{07BAE10A-0704-37C3-ADEF-4372BF957F0C}.debug|x64.Build.0 = debug|x64
		{07BAE10A-0704-37C3-ADEF-4372BF957F0C}.checked|x64.ActiveCfg = checked|x64
		{07BAE10A-0704-37C3-ADEF-4372BF957F0C}.checked|x64.Build.0 = checked|x64
		{07BAE10A-0704-37C3-ADEF-4372BF957F0C}.profile|x64.ActiveCfg = profile|x64
		{07BAE10A-0704-37C3-ADEF-4372BF957F0C}.profile|x64.Build.0 = profile|x64
		{07BAE10A-0704-37C3-ADEF-4372BF957F0C}.release|x64.ActiveCfg = release|x64
		{07BAE10A-0704-37C3-ADEF-4372BF957F0C}.release|x64.Build.0 = release|x64
		{7AD7E6C8-9895-3E5D-ABCF-01EF8F7D48C6}.debug|x64.ActiveCfg = debug|x64
		{7AD7E6C8-9895-3E5D-ABCF-01EF8F7D48C6}.debug|x64.Build.0 = debug|x64
		{7AD7E6C8-9895-3E5D-ABCF-01EF8F7D48C6}.checked|x64.ActiveCfg = checked|x64
		{7AD7E6C8-9895-3E5D-ABCF-01EF8F7D48C6}.checked|x64.Build.0 = checked|x64
		{7AD7E6C8-9895-3E5D-ABCF-01EF8F7D48C6}.profile|x64.ActiveCfg = profile|x64
		{7AD7E6C8-9895-3E5D-ABCF-01EF8F7D48C6}.profile|x64.Build.0 = profile|x64
		{7AD7E6C8-9895-3E5D-ABCF-01EF8F7D48C6}.release|x64.ActiveCfg = release|x64
		{7AD7E6C8-9895-3E5D-ABCF-01EF8F7D48C6}.release|x64.Build.0 = release|x64
		{6C44F1FE-BCAB-30A2-BB3D-23A60747390F}.debug|x64.ActiveCfg = debug|x64
		{6C44F1FE-BCAB-30A2-BB3D-23A60747390F}.debug|x64.Build.0 = debug|x64
		{6C44F1FE-BCAB-30A2-BB3D-23A60747390F}.checked|x64.ActiveCfg = checked|x64
		{6C44F1FE-BCAB-30A2-BB3D-23A60747390F}.checked|x64.Build.0 = checked|x64
		{6C44F1FE-BCAB-30A2-BB3D-23A60747390F}.profile|x64.ActiveCfg = profile|x64
		{6C44F1FE-BCAB-30A2-BB3D-23A60747390F}.profile|x64.Build.0 = profile|x64
		{6C44F1FE-BCAB-30A2-BB3D-23A60747390F}.release|x64.ActiveCfg = release|x64
		{6C44F1FE-BCAB-30A2-BB3D-23A60747390F}.release|x64.Build.0 = release|x64
		{04041E89-F013-381E-8132-C01272465989}.debug|x64.ActiveCfg = debug|x64
		{04041E89-F013-381E-8132-C01272465989}.debug|x64.Build.0 = debug|x64
		{04041E89-F013-381E-8132-C01272465989}.checked|x64.ActiveCfg = checked|x64
		{04041E89-F013-381E-8132-C01272465989}.checked|x64.Build.0 = checked|x64
		{04041E89-F013-381E-8132-C01272465989}.profile|x64.ActiveCfg = profile|x64
		{04041E89-F013-381E-8132-C01272465989}.profile|x64.Build.0 = profile|x64
		{04041E89-F013-381E-8132-C01272465989}.release|x64.ActiveCfg = release|x64
		{04041E89-F013-381E-8132-C01272465989}.release|x64.Build.0 = release|x64
		{C00DD270-D50A-3C6F-9A94-0D1B7C6FF2E1}.debug|x64.ActiveCfg = debug|x64
		{C00DD270-D50A-3C6F-9A94-0D1B7C6FF2E1}.debug|x64.Build.0 = debug|x64
		{C00DD270-D50A-3C6F-9A94-0D1B7C6FF2E1}.checked|x64.ActiveCfg = checked|x64
		{C00DD270-D50A-3C6F-9A94-0D1B7C6FF2E1}.checked|x64.Build.0 = checked|x64
		{C00DD270-D50A-3C6F-9A94-0D1B7C6FF2E1}.profile|x64.ActiveCfg = profile|x64
		{C00DD270-D50A-3C6F-9A94-0D1B7C6FF2E1}.profile|x64.Build.0 = profile|x64
		{C00DD270-D50A-3C6F-9A94-0D1B7C6FF2E1}.release|x64.ActiveCfg = release|x64
		{C00DD270-D50A-3C6F-9A94-0D1B7C6FF2E1}.release|x64.Build.0 = release|x64
		{731C4076-381B-3FDD-87E1-21ADA6381850}.debug|x64.ActiveCfg = debug|x64
		{731C4076-381B-3FDD-87E1-21ADA6381850}.debug|x64.Build.0 = debug|x64
		{731C4076-381B-3FDD-87E1-21ADA6381850}.checked|x64.ActiveCfg = checked|x64
		{731C4076-381B-3FDD-87E1-21ADA6381850}.checked|x64.Build.0 = checked|x64
		{731C4076-381B-3FDD-87E1-21ADA6381850}.profile|x64.ActiveCfg = profile|x64
		{731C4076-381B-3FDD-87E1-21ADA6381850}.profile|x64.Build.0 = profile|x64
		{731C4076-381B-3FDD-87E1-21ADA6381850}.release|x64.ActiveCfg = release|x64
		{731C4076-381B-3FDD-87E1-21ADA6381850}.release|x64.Build.0 = release|x64
		{8530D03C-EA74-39D9-B8CB-0B050C5E35EF}.debug|x64.ActiveCfg = debug|x64
		{8530D03C-EA74-39D9-B8CB-0B050C5E35EF}.debug|x64.Build.0 = debug|x64
		{8530D03C-EA74-39D9-B8CB-0B050C5E35EF}.checked|x64.ActiveCfg = checked|x64
		{8530D03C-EA74-39D9-B8CB-0B050C5E35EF}.checked|x64.Build.0 = checked|x64
		{8530D03C-EA74-39D9-B8CB-0B050C5E35EF}.profile|x64.ActiveCfg = profile|x64
		{8530D03C-EA74-39D9-B8CB-0B050C5E35EF}.profile|x64.Build.0 = profile|x64
		{8530D03C-EA74-39D9-B8CB-0B050C5E35EF}.release|x64.ActiveCfg = release|x64
		{8530D03C-EA74-39D9-B8CB-0B050C5E35EF}.release|x64.Build.0 = release|x64
		{F1046B18-36EB-346A-8A1D-ACD333122D96}.debug|x64.ActiveCfg = debug|x64
		{F1046B18-36EB-346A-8A1D-ACD333122D96}.debug|x64.Build.0 = debug|x64
		{F1046B18-36EB-346A-8A1D-ACD333122D96}.checked|x64.ActiveCfg = checked|x64
		{F1046B18-36EB-346A-8A1D-ACD333122D96}.checked|x64.Build.0 = checked|x64
		{F1046B18-36EB-346A-8A1D-ACD333122D96}.profile|x64.ActiveCfg = profile|x64
		{F1046B18-36EB-346A-8A1D-ACD333122D96}.profile|x64.Build.0 = profile|x64
		{F1046B18-36EB-346A-8A1D-ACD333122D96}.release|x64.ActiveCfg = release|x64
		{F1046B18-36EB-346A-8A1D-ACD333122D96}.release|x64.Build.0 = release|x64
		{9DAC0490-B9DA-3722-BBF9-ADD1940BB646}.debug|x64.ActiveCfg = debug|x64
		{9DAC0490-B9DA-3722-BBF9-ADD1940BB646}.debug|x64.Build.0 = debug|x64
		{9DAC0490-B9DA-3722-BBF9-ADD1940BB646}.checked|x64.ActiveCfg = checked|x64
		{9DAC0490-B9DA-3722-BBF9-ADD1940BB646}.checked|x64.Build.0 = checked|x64
		{9DAC0490-B9DA-3722-BBF9-ADD1940BB646}.profile|x64.ActiveCfg = profile|x64
		{9DAC0490-B9DA-3722-BBF9-ADD1940BB646}.profile|x64.Build.0 = profile|x64
		{9DAC0490-B9DA-3722-BBF9-ADD1940BB646}.release|x64.ActiveCfg = release|x64
		{9DAC0490-B9DA-3722-BBF9-ADD1940BB646}.release|x64.Build.0 = release|x64
	EndGlobalSection
	GlobalSection(NestedProjects) = preSolution
		{2002264D-1153-3B89-B979-FB091019CC33} = {07542174-2B04-33EB-85C3-1AD67D9F32EE}
		{7D868F73-7944-3916-A3D1-4B2FB98881E5} = {07542174-2B04-33EB-85C3-1AD67D9F32EE}
		{9DAC0490-B9DA-3722-BBF9-ADD1940BB646} = {07542174-2B04-33EB-85C3-1AD67D9F32EE}
		{8F3A1D61-AAEB-3515-B90D-EDA7F660B750} = {5F5345E0-0846-3E8E-8AC9-36604D2BB2F5}
		{E2FE1127-6EA5-32AD-BA52-16A42C053B25} = {5F5345E0-0846-3E8E-8AC9-36604D2BB2F5}
		{D086E37C-D1A7-3907-BD06-D28A92525236} = {5F5345E0-0846-3E8E-8AC9-36604D2BB2F5}
		{3046609A-57A4-3DB1-8F46-0C62D833A0C5} = {5F5345E0-0846-3E8E-8AC9-36604D2BB2F5}
		{3C977EE3-4C30-351C-BB13-073E8A5A4A5B} = {5F5345E0-0846-3E8E-8AC9-36604D2BB2F5}
		{FEDE32E2-17A2-39AE-940B-C0615B531BF7} = {5F5345E0-0846-3E8E-8AC9-36604D2BB2F5}
		{CADA05B8-2B14-31E3-B5DA-3DB37E7E7954} = {5F5345E0-0846-3E8E-8AC9-36604D2BB2F5}
		{07BAE10A-0704-37C3-ADEF-4372BF957F0C} = {5F5345E0-0846-3E8E-8AC9-36604D2BB2F5}
		{7AD7E6C8-9895-3E5D-ABCF-01EF8F7D48C6} = {5F5345E0-0846-3E8E-8AC9-36604D2BB2F5}
		{6C44F1FE-BCAB-30A2-BB3D-23A60747390F} = {5F5345E0-0846-3E8E-8AC9-36604D2BB2F5}
		{04041E89-F013-381E-8132-C01272465989} = {5F5345E0-0846-3E8E-8AC9-36604D2BB2F5}
		{C00DD270-D50A-3C6F-9A94-0D1B7C6FF2E1} = {5F5345E0-0846-3E8E-8AC9-36604D2BB2F5}
		{731C4076-381B-3FDD-87E1-21ADA6381850} = {5F5345E0-0846-3E8E-8AC9-36604D2BB2F5}
		{8530D03C-EA74-39D9-B8CB-0B050C5E35EF} = {5F5345E0-0846-3E8E-8AC9-36604D2BB2F5}
		{F1046B18-36EB-346A-8A1D-ACD333122D96} = {5F5345E0-0846-3E8E-8AC9-36604D2BB2F5}
	EndGlobalSection
	GlobalSection(ExtensibilityGlobals) = postSolution
		SolutionGuid = {B4A2AE18-1C44-3033-B661-871F1753DCFB}
	EndGlobalSection
	GlobalSection(ExtensibilityAddIns) = postSolution
	EndGlobalSection
EndGlobal
